
Microsoft Visual Studio Solution File, Format Version 12.00
# Visual Studio Version 16
VisualStudioVersion = 16.0.29728.190
MinimumVisualStudioVersion = 10.0.40219.1
Project("{9A19103F-16F7-4668-BE54-9A1E7A4F7556}") = "04.Adnc.Common", "src\Adnc.Common\04.Adnc.Common.csproj", "{80120FAB-2FE5-4024-AC2B-917AB86B0659}"
EndProject
Project("{9A19103F-16F7-4668-BE54-9A1E7A4F7556}") = "22.Adnc.Infr.EfCore", "src\Adnc.Infr.EfCore\22.Adnc.Infr.EfCore.csproj", "{5C7ADEF0-19BF-420C-9D70-DA4FBFEAF1F0}"
EndProject
Project("{9A19103F-16F7-4668-BE54-9A1E7A4F7556}") = "30.Adnc.UnitTest", "test\Adnc.UnitTest\30.Adnc.UnitTest.csproj", "{81901123-24FC-49C8-A50B-138845A758FF}"
EndProject
Project("{9A19103F-16F7-4668-BE54-9A1E7A4F7556}") = "11.Adnc.Infr.HealthCheckUI", "src\Adnc.Infr.HealthCheckUI\11.Adnc.Infr.HealthCheckUI.csproj", "{AB99C7D3-6AF0-44B3-AA18-5AD466697444}"
EndProject
Project("{9A19103F-16F7-4668-BE54-9A1E7A4F7556}") = "10.Adnc.Infr.Gateway", "src\Adnc.Infr.Gateway\10.Adnc.Infr.Gateway.csproj", "{2B3BFC47-17E6-43A6-A7AD-24C8F855331F}"
EndProject
Project("{9A19103F-16F7-4668-BE54-9A1E7A4F7556}") = "20.Adnc.Infr.Consul", "src\Adnc.Infr.Consul\20.Adnc.Infr.Consul.csproj", "{77E839E4-EFE6-4CF3-90CD-D0083F318F2B}"
EndProject
Project("{9A19103F-16F7-4668-BE54-9A1E7A4F7556}") = "21.Adnc.Infr.EasyCaching", "src\Adnc.Infr.EasyCaching\21.Adnc.Infr.EasyCaching.csproj", "{D6C8BE30-7DD0-463D-8A15-54BA2AD57078}"
EndProject
Project("{9A19103F-16F7-4668-BE54-9A1E7A4F7556}") = "24.Adnc.Infr.Mq", "src\Adnc.Infr.Mq\24.Adnc.Infr.Mq.csproj", "{FAD7336D-2CDA-4FE0-BE35-26B73A568599}"
EndProject
Project("{9A19103F-16F7-4668-BE54-9A1E7A4F7556}") = "03.Adnc.Core.Shared", "src\Adnc.Core.Shared\03.Adnc.Core.Shared.csproj", "{851068F8-CC0B-4243-B4FF-0CBD86CAB6DE}"
EndProject
Project("{9A19103F-16F7-4668-BE54-9A1E7A4F7556}") = "02.Adnc.Application.Shared", "src\Adnc.Application.Shared\02.Adnc.Application.Shared.csproj", "{D128DA83-CF16-40C9-AE45-0DFF0003CAA3}"
EndProject
Project("{9A19103F-16F7-4668-BE54-9A1E7A4F7556}") = "01.Adnc.WebApi.Shared", "src\Adnc.WebApi.Shared\01.Adnc.WebApi.Shared.csproj", "{5B154973-B42A-4537-B632-611B802C4C60}"
EndProject
Project("{2150E333-8FDC-42A3-9474-1A3956D46DE8}") = "00.Adnc.Portal", "00.Adnc.Portal", "{2489DE21-F904-4FA1-9989-2A141327879E}"
EndProject
Project("{2150E333-8FDC-42A3-9474-1A3956D46DE8}") = "Adnc.Usr", "Adnc.Usr", "{3C80F67A-9D73-431D-AA85-AAF8D2B20066}"
EndProject
Project("{2150E333-8FDC-42A3-9474-1A3956D46DE8}") = "Adnc.Maint", "Adnc.Maint", "{4ADA326D-4437-478C-9C38-1BDEEB20F1C4}"
EndProject
Project("{9A19103F-16F7-4668-BE54-9A1E7A4F7556}") = "Adnc.Maint.Core", "src\Portal\Adnc.Maint\Adnc.Maint.Core\Adnc.Maint.Core.csproj", "{FC86A1BD-EEFA-4C2C-92DB-3675404CD550}"
EndProject
Project("{9A19103F-16F7-4668-BE54-9A1E7A4F7556}") = "Adnc.Maint.Application", "src\Portal\Adnc.Maint\Adnc.Maint.Application\Adnc.Maint.Application.csproj", "{026B9F89-2B0D-4C05-B24B-B977AF3A72FD}"
EndProject
Project("{9A19103F-16F7-4668-BE54-9A1E7A4F7556}") = "Adnc.Maint.WebApi", "src\Portal\Adnc.Maint\Adnc.Maint.WebApi\Adnc.Maint.WebApi.csproj", "{69C0CAA4-37B8-4579-8A87-43F8892CB3FC}"
EndProject
Project("{9A19103F-16F7-4668-BE54-9A1E7A4F7556}") = "Adnc.Usr.Core", "src\Portal\Adnc.Usr\Adnc.Usr.Core\Adnc.Usr.Core.csproj", "{4004B467-DE28-4B6A-9D51-724235C72010}"
EndProject
Project("{9A19103F-16F7-4668-BE54-9A1E7A4F7556}") = "Adnc.Usr.Application", "src\Portal\Adnc.Usr\Adnc.Usr.Application\Adnc.Usr.Application.csproj", "{1D71EA45-BB6A-4606-A1D3-C8B5F76BFAE7}"
EndProject
Project("{9A19103F-16F7-4668-BE54-9A1E7A4F7556}") = "Adnc.Usr.WebApi", "src\Portal\Adnc.Usr\Adnc.Usr.WebApi\Adnc.Usr.WebApi.csproj", "{1BC5E57F-EDDC-4C40-A06E-5675CC8FF6F8}"
EndProject
Project("{2150E333-8FDC-42A3-9474-1A3956D46DE8}") = "Adnc.Cus", "Adnc.Cus", "{E03D97B9-BB8C-44D7-BE98-1C3BE5DB174F}"
EndProject
Project("{9A19103F-16F7-4668-BE54-9A1E7A4F7556}") = "Adnc.Cus.Core", "src\Portal\Adnc.Cus\Adnc.Cus.Core\Adnc.Cus.Core.csproj", "{11B01398-3E84-419D-BB6D-32999108DAD9}"
EndProject
Project("{9A19103F-16F7-4668-BE54-9A1E7A4F7556}") = "Adnc.Cus.Application", "src\Portal\Adnc.Cus\Adnc.Cus.Application\Adnc.Cus.Application.csproj", "{12A3BD4E-D85C-4325-A472-A0FC673421A1}"
EndProject
Project("{9A19103F-16F7-4668-BE54-9A1E7A4F7556}") = "Adnc.Cus.WebApi", "src\Portal\Adnc.Cus\Adnc.Cus.WebApi\Adnc.Cus.WebApi.csproj", "{0D6229DC-063D-4D89-B1D5-87E58EEEE3EE}"
EndProject
Project("{9A19103F-16F7-4668-BE54-9A1E7A4F7556}") = "Adnc.Cus.Migrations", "src\Portal\Adnc.Cus\Adnc.Cus.Migrations\Adnc.Cus.Migrations.csproj", "{E0BA1A85-90CC-4A73-AE72-1E4A8F705060}"
EndProject
Project("{9A19103F-16F7-4668-BE54-9A1E7A4F7556}") = "23.Adnc.Infr.Mongo", "src\Adnc.Infr.Mongo\23.Adnc.Infr.Mongo.csproj", "{A5372B5A-3C48-433E-AF93-D0812D1428A0}"
EndProject
Project("{9A19103F-16F7-4668-BE54-9A1E7A4F7556}") = "Adnc.Usr.Migrations", "src\Portal\Adnc.Usr\Adnc.Usr.Migrations\Adnc.Usr.Migrations.csproj", "{2C447B4E-B86E-49D5-B6AD-A3A0669330DE}"
EndProject
Project("{9A19103F-16F7-4668-BE54-9A1E7A4F7556}") = "Adnc.Maint.Migrations", "src\Portal\Adnc.Maint\Adnc.Maint.Migrations\Adnc.Maint.Migrations.csproj", "{D323AD37-2943-4FDB-A4FD-333F178968D0}"
EndProject
Global
	GlobalSection(SolutionConfigurationPlatforms) = preSolution
		Debug|Any CPU = Debug|Any CPU
		Debug|x64 = Debug|x64
		Release|Any CPU = Release|Any CPU
		Release|x64 = Release|x64
	EndGlobalSection
	GlobalSection(ProjectConfigurationPlatforms) = postSolution
		{80120FAB-2FE5-4024-AC2B-917AB86B0659}.Debug|Any CPU.ActiveCfg = Debug|Any CPU
		{80120FAB-2FE5-4024-AC2B-917AB86B0659}.Debug|Any CPU.Build.0 = Debug|Any CPU
		{80120FAB-2FE5-4024-AC2B-917AB86B0659}.Debug|x64.ActiveCfg = Debug|Any CPU
		{80120FAB-2FE5-4024-AC2B-917AB86B0659}.Debug|x64.Build.0 = Debug|Any CPU
		{80120FAB-2FE5-4024-AC2B-917AB86B0659}.Release|Any CPU.ActiveCfg = Release|Any CPU
		{80120FAB-2FE5-4024-AC2B-917AB86B0659}.Release|Any CPU.Build.0 = Release|Any CPU
		{80120FAB-2FE5-4024-AC2B-917AB86B0659}.Release|x64.ActiveCfg = Release|Any CPU
		{80120FAB-2FE5-4024-AC2B-917AB86B0659}.Release|x64.Build.0 = Release|Any CPU
		{5C7ADEF0-19BF-420C-9D70-DA4FBFEAF1F0}.Debug|Any CPU.ActiveCfg = Debug|Any CPU
		{5C7ADEF0-19BF-420C-9D70-DA4FBFEAF1F0}.Debug|Any CPU.Build.0 = Debug|Any CPU
		{5C7ADEF0-19BF-420C-9D70-DA4FBFEAF1F0}.Debug|x64.ActiveCfg = Debug|Any CPU
		{5C7ADEF0-19BF-420C-9D70-DA4FBFEAF1F0}.Debug|x64.Build.0 = Debug|Any CPU
		{5C7ADEF0-19BF-420C-9D70-DA4FBFEAF1F0}.Release|Any CPU.ActiveCfg = Release|Any CPU
		{5C7ADEF0-19BF-420C-9D70-DA4FBFEAF1F0}.Release|Any CPU.Build.0 = Release|Any CPU
		{5C7ADEF0-19BF-420C-9D70-DA4FBFEAF1F0}.Release|x64.ActiveCfg = Release|Any CPU
		{5C7ADEF0-19BF-420C-9D70-DA4FBFEAF1F0}.Release|x64.Build.0 = Release|Any CPU
		{81901123-24FC-49C8-A50B-138845A758FF}.Debug|Any CPU.ActiveCfg = Debug|Any CPU
		{81901123-24FC-49C8-A50B-138845A758FF}.Debug|Any CPU.Build.0 = Debug|Any CPU
		{81901123-24FC-49C8-A50B-138845A758FF}.Debug|x64.ActiveCfg = Debug|Any CPU
		{81901123-24FC-49C8-A50B-138845A758FF}.Debug|x64.Build.0 = Debug|Any CPU
		{81901123-24FC-49C8-A50B-138845A758FF}.Release|Any CPU.ActiveCfg = Release|Any CPU
		{81901123-24FC-49C8-A50B-138845A758FF}.Release|Any CPU.Build.0 = Release|Any CPU
		{81901123-24FC-49C8-A50B-138845A758FF}.Release|x64.ActiveCfg = Release|Any CPU
		{81901123-24FC-49C8-A50B-138845A758FF}.Release|x64.Build.0 = Release|Any CPU
		{AB99C7D3-6AF0-44B3-AA18-5AD466697444}.Debug|Any CPU.ActiveCfg = Debug|Any CPU
		{AB99C7D3-6AF0-44B3-AA18-5AD466697444}.Debug|Any CPU.Build.0 = Debug|Any CPU
		{AB99C7D3-6AF0-44B3-AA18-5AD466697444}.Debug|x64.ActiveCfg = Debug|Any CPU
		{AB99C7D3-6AF0-44B3-AA18-5AD466697444}.Debug|x64.Build.0 = Debug|Any CPU
		{AB99C7D3-6AF0-44B3-AA18-5AD466697444}.Release|Any CPU.ActiveCfg = Release|Any CPU
		{AB99C7D3-6AF0-44B3-AA18-5AD466697444}.Release|Any CPU.Build.0 = Release|Any CPU
		{AB99C7D3-6AF0-44B3-AA18-5AD466697444}.Release|x64.ActiveCfg = Release|Any CPU
		{AB99C7D3-6AF0-44B3-AA18-5AD466697444}.Release|x64.Build.0 = Release|Any CPU
		{2B3BFC47-17E6-43A6-A7AD-24C8F855331F}.Debug|Any CPU.ActiveCfg = Debug|Any CPU
		{2B3BFC47-17E6-43A6-A7AD-24C8F855331F}.Debug|Any CPU.Build.0 = Debug|Any CPU
		{2B3BFC47-17E6-43A6-A7AD-24C8F855331F}.Debug|x64.ActiveCfg = Debug|Any CPU
		{2B3BFC47-17E6-43A6-A7AD-24C8F855331F}.Debug|x64.Build.0 = Debug|Any CPU
		{2B3BFC47-17E6-43A6-A7AD-24C8F855331F}.Release|Any CPU.ActiveCfg = Release|Any CPU
		{2B3BFC47-17E6-43A6-A7AD-24C8F855331F}.Release|Any CPU.Build.0 = Release|Any CPU
		{2B3BFC47-17E6-43A6-A7AD-24C8F855331F}.Release|x64.ActiveCfg = Release|Any CPU
		{2B3BFC47-17E6-43A6-A7AD-24C8F855331F}.Release|x64.Build.0 = Release|Any CPU
		{77E839E4-EFE6-4CF3-90CD-D0083F318F2B}.Debug|Any CPU.ActiveCfg = Debug|Any CPU
		{77E839E4-EFE6-4CF3-90CD-D0083F318F2B}.Debug|Any CPU.Build.0 = Debug|Any CPU
		{77E839E4-EFE6-4CF3-90CD-D0083F318F2B}.Debug|x64.ActiveCfg = Debug|Any CPU
		{77E839E4-EFE6-4CF3-90CD-D0083F318F2B}.Debug|x64.Build.0 = Debug|Any CPU
		{77E839E4-EFE6-4CF3-90CD-D0083F318F2B}.Release|Any CPU.ActiveCfg = Release|Any CPU
		{77E839E4-EFE6-4CF3-90CD-D0083F318F2B}.Release|Any CPU.Build.0 = Release|Any CPU
		{77E839E4-EFE6-4CF3-90CD-D0083F318F2B}.Release|x64.ActiveCfg = Release|Any CPU
		{77E839E4-EFE6-4CF3-90CD-D0083F318F2B}.Release|x64.Build.0 = Release|Any CPU
		{D6C8BE30-7DD0-463D-8A15-54BA2AD57078}.Debug|Any CPU.ActiveCfg = Debug|Any CPU
		{D6C8BE30-7DD0-463D-8A15-54BA2AD57078}.Debug|Any CPU.Build.0 = Debug|Any CPU
		{D6C8BE30-7DD0-463D-8A15-54BA2AD57078}.Debug|x64.ActiveCfg = Debug|Any CPU
		{D6C8BE30-7DD0-463D-8A15-54BA2AD57078}.Debug|x64.Build.0 = Debug|Any CPU
		{D6C8BE30-7DD0-463D-8A15-54BA2AD57078}.Release|Any CPU.ActiveCfg = Release|Any CPU
		{D6C8BE30-7DD0-463D-8A15-54BA2AD57078}.Release|Any CPU.Build.0 = Release|Any CPU
		{D6C8BE30-7DD0-463D-8A15-54BA2AD57078}.Release|x64.ActiveCfg = Release|Any CPU
		{D6C8BE30-7DD0-463D-8A15-54BA2AD57078}.Release|x64.Build.0 = Release|Any CPU
		{FAD7336D-2CDA-4FE0-BE35-26B73A568599}.Debug|Any CPU.ActiveCfg = Debug|Any CPU
		{FAD7336D-2CDA-4FE0-BE35-26B73A568599}.Debug|Any CPU.Build.0 = Debug|Any CPU
		{FAD7336D-2CDA-4FE0-BE35-26B73A568599}.Debug|x64.ActiveCfg = Debug|Any CPU
		{FAD7336D-2CDA-4FE0-BE35-26B73A568599}.Debug|x64.Build.0 = Debug|Any CPU
		{FAD7336D-2CDA-4FE0-BE35-26B73A568599}.Release|Any CPU.ActiveCfg = Release|Any CPU
		{FAD7336D-2CDA-4FE0-BE35-26B73A568599}.Release|Any CPU.Build.0 = Release|Any CPU
		{FAD7336D-2CDA-4FE0-BE35-26B73A568599}.Release|x64.ActiveCfg = Release|Any CPU
		{FAD7336D-2CDA-4FE0-BE35-26B73A568599}.Release|x64.Build.0 = Release|Any CPU
		{851068F8-CC0B-4243-B4FF-0CBD86CAB6DE}.Debug|Any CPU.ActiveCfg = Debug|Any CPU
		{851068F8-CC0B-4243-B4FF-0CBD86CAB6DE}.Debug|Any CPU.Build.0 = Debug|Any CPU
		{851068F8-CC0B-4243-B4FF-0CBD86CAB6DE}.Debug|x64.ActiveCfg = Debug|Any CPU
		{851068F8-CC0B-4243-B4FF-0CBD86CAB6DE}.Debug|x64.Build.0 = Debug|Any CPU
		{851068F8-CC0B-4243-B4FF-0CBD86CAB6DE}.Release|Any CPU.ActiveCfg = Release|Any CPU
		{851068F8-CC0B-4243-B4FF-0CBD86CAB6DE}.Release|Any CPU.Build.0 = Release|Any CPU
		{851068F8-CC0B-4243-B4FF-0CBD86CAB6DE}.Release|x64.ActiveCfg = Release|Any CPU
		{851068F8-CC0B-4243-B4FF-0CBD86CAB6DE}.Release|x64.Build.0 = Release|Any CPU
		{D128DA83-CF16-40C9-AE45-0DFF0003CAA3}.Debug|Any CPU.ActiveCfg = Debug|Any CPU
		{D128DA83-CF16-40C9-AE45-0DFF0003CAA3}.Debug|Any CPU.Build.0 = Debug|Any CPU
		{D128DA83-CF16-40C9-AE45-0DFF0003CAA3}.Debug|x64.ActiveCfg = Debug|Any CPU
		{D128DA83-CF16-40C9-AE45-0DFF0003CAA3}.Debug|x64.Build.0 = Debug|Any CPU
		{D128DA83-CF16-40C9-AE45-0DFF0003CAA3}.Release|Any CPU.ActiveCfg = Release|Any CPU
		{D128DA83-CF16-40C9-AE45-0DFF0003CAA3}.Release|Any CPU.Build.0 = Release|Any CPU
		{D128DA83-CF16-40C9-AE45-0DFF0003CAA3}.Release|x64.ActiveCfg = Release|Any CPU
		{D128DA83-CF16-40C9-AE45-0DFF0003CAA3}.Release|x64.Build.0 = Release|Any CPU
		{5B154973-B42A-4537-B632-611B802C4C60}.Debug|Any CPU.ActiveCfg = Debug|Any CPU
		{5B154973-B42A-4537-B632-611B802C4C60}.Debug|Any CPU.Build.0 = Debug|Any CPU
		{5B154973-B42A-4537-B632-611B802C4C60}.Debug|x64.ActiveCfg = Debug|Any CPU
		{5B154973-B42A-4537-B632-611B802C4C60}.Debug|x64.Build.0 = Debug|Any CPU
		{5B154973-B42A-4537-B632-611B802C4C60}.Release|Any CPU.ActiveCfg = Release|Any CPU
		{5B154973-B42A-4537-B632-611B802C4C60}.Release|Any CPU.Build.0 = Release|Any CPU
		{5B154973-B42A-4537-B632-611B802C4C60}.Release|x64.ActiveCfg = Release|Any CPU
		{5B154973-B42A-4537-B632-611B802C4C60}.Release|x64.Build.0 = Release|Any CPU
		{FC86A1BD-EEFA-4C2C-92DB-3675404CD550}.Debug|Any CPU.ActiveCfg = Debug|Any CPU
		{FC86A1BD-EEFA-4C2C-92DB-3675404CD550}.Debug|Any CPU.Build.0 = Debug|Any CPU
		{FC86A1BD-EEFA-4C2C-92DB-3675404CD550}.Debug|x64.ActiveCfg = Debug|Any CPU
		{FC86A1BD-EEFA-4C2C-92DB-3675404CD550}.Debug|x64.Build.0 = Debug|Any CPU
		{FC86A1BD-EEFA-4C2C-92DB-3675404CD550}.Release|Any CPU.ActiveCfg = Release|Any CPU
		{FC86A1BD-EEFA-4C2C-92DB-3675404CD550}.Release|Any CPU.Build.0 = Release|Any CPU
		{FC86A1BD-EEFA-4C2C-92DB-3675404CD550}.Release|x64.ActiveCfg = Release|Any CPU
		{FC86A1BD-EEFA-4C2C-92DB-3675404CD550}.Release|x64.Build.0 = Release|Any CPU
		{026B9F89-2B0D-4C05-B24B-B977AF3A72FD}.Debug|Any CPU.ActiveCfg = Debug|Any CPU
		{026B9F89-2B0D-4C05-B24B-B977AF3A72FD}.Debug|Any CPU.Build.0 = Debug|Any CPU
		{026B9F89-2B0D-4C05-B24B-B977AF3A72FD}.Debug|x64.ActiveCfg = Debug|Any CPU
		{026B9F89-2B0D-4C05-B24B-B977AF3A72FD}.Debug|x64.Build.0 = Debug|Any CPU
		{026B9F89-2B0D-4C05-B24B-B977AF3A72FD}.Release|Any CPU.ActiveCfg = Release|Any CPU
		{026B9F89-2B0D-4C05-B24B-B977AF3A72FD}.Release|Any CPU.Build.0 = Release|Any CPU
		{026B9F89-2B0D-4C05-B24B-B977AF3A72FD}.Release|x64.ActiveCfg = Release|Any CPU
		{026B9F89-2B0D-4C05-B24B-B977AF3A72FD}.Release|x64.Build.0 = Release|Any CPU
		{69C0CAA4-37B8-4579-8A87-43F8892CB3FC}.Debug|Any CPU.ActiveCfg = Debug|Any CPU
		{69C0CAA4-37B8-4579-8A87-43F8892CB3FC}.Debug|Any CPU.Build.0 = Debug|Any CPU
		{69C0CAA4-37B8-4579-8A87-43F8892CB3FC}.Debug|x64.ActiveCfg = Debug|Any CPU
		{69C0CAA4-37B8-4579-8A87-43F8892CB3FC}.Debug|x64.Build.0 = Debug|Any CPU
		{69C0CAA4-37B8-4579-8A87-43F8892CB3FC}.Release|Any CPU.ActiveCfg = Release|Any CPU
		{69C0CAA4-37B8-4579-8A87-43F8892CB3FC}.Release|Any CPU.Build.0 = Release|Any CPU
		{69C0CAA4-37B8-4579-8A87-43F8892CB3FC}.Release|x64.ActiveCfg = Release|Any CPU
		{69C0CAA4-37B8-4579-8A87-43F8892CB3FC}.Release|x64.Build.0 = Release|Any CPU
		{4004B467-DE28-4B6A-9D51-724235C72010}.Debug|Any CPU.ActiveCfg = Debug|Any CPU
		{4004B467-DE28-4B6A-9D51-724235C72010}.Debug|Any CPU.Build.0 = Debug|Any CPU
		{4004B467-DE28-4B6A-9D51-724235C72010}.Debug|x64.ActiveCfg = Debug|Any CPU
		{4004B467-DE28-4B6A-9D51-724235C72010}.Debug|x64.Build.0 = Debug|Any CPU
		{4004B467-DE28-4B6A-9D51-724235C72010}.Release|Any CPU.ActiveCfg = Release|Any CPU
		{4004B467-DE28-4B6A-9D51-724235C72010}.Release|Any CPU.Build.0 = Release|Any CPU
		{4004B467-DE28-4B6A-9D51-724235C72010}.Release|x64.ActiveCfg = Release|Any CPU
		{4004B467-DE28-4B6A-9D51-724235C72010}.Release|x64.Build.0 = Release|Any CPU
		{1D71EA45-BB6A-4606-A1D3-C8B5F76BFAE7}.Debug|Any CPU.ActiveCfg = Debug|Any CPU
		{1D71EA45-BB6A-4606-A1D3-C8B5F76BFAE7}.Debug|Any CPU.Build.0 = Debug|Any CPU
		{1D71EA45-BB6A-4606-A1D3-C8B5F76BFAE7}.Debug|x64.ActiveCfg = Debug|Any CPU
		{1D71EA45-BB6A-4606-A1D3-C8B5F76BFAE7}.Debug|x64.Build.0 = Debug|Any CPU
		{1D71EA45-BB6A-4606-A1D3-C8B5F76BFAE7}.Release|Any CPU.ActiveCfg = Release|Any CPU
		{1D71EA45-BB6A-4606-A1D3-C8B5F76BFAE7}.Release|Any CPU.Build.0 = Release|Any CPU
		{1D71EA45-BB6A-4606-A1D3-C8B5F76BFAE7}.Release|x64.ActiveCfg = Release|Any CPU
		{1D71EA45-BB6A-4606-A1D3-C8B5F76BFAE7}.Release|x64.Build.0 = Release|Any CPU
		{1BC5E57F-EDDC-4C40-A06E-5675CC8FF6F8}.Debug|Any CPU.ActiveCfg = Debug|Any CPU
		{1BC5E57F-EDDC-4C40-A06E-5675CC8FF6F8}.Debug|Any CPU.Build.0 = Debug|Any CPU
		{1BC5E57F-EDDC-4C40-A06E-5675CC8FF6F8}.Debug|x64.ActiveCfg = Debug|Any CPU
		{1BC5E57F-EDDC-4C40-A06E-5675CC8FF6F8}.Debug|x64.Build.0 = Debug|Any CPU
		{1BC5E57F-EDDC-4C40-A06E-5675CC8FF6F8}.Release|Any CPU.ActiveCfg = Release|Any CPU
		{1BC5E57F-EDDC-4C40-A06E-5675CC8FF6F8}.Release|Any CPU.Build.0 = Release|Any CPU
		{1BC5E57F-EDDC-4C40-A06E-5675CC8FF6F8}.Release|x64.ActiveCfg = Release|Any CPU
		{1BC5E57F-EDDC-4C40-A06E-5675CC8FF6F8}.Release|x64.Build.0 = Release|Any CPU
		{11B01398-3E84-419D-BB6D-32999108DAD9}.Debug|Any CPU.ActiveCfg = Debug|Any CPU
		{11B01398-3E84-419D-BB6D-32999108DAD9}.Debug|Any CPU.Build.0 = Debug|Any CPU
		{11B01398-3E84-419D-BB6D-32999108DAD9}.Debug|x64.ActiveCfg = Debug|Any CPU
		{11B01398-3E84-419D-BB6D-32999108DAD9}.Debug|x64.Build.0 = Debug|Any CPU
		{11B01398-3E84-419D-BB6D-32999108DAD9}.Release|Any CPU.ActiveCfg = Release|Any CPU
		{11B01398-3E84-419D-BB6D-32999108DAD9}.Release|Any CPU.Build.0 = Release|Any CPU
		{11B01398-3E84-419D-BB6D-32999108DAD9}.Release|x64.ActiveCfg = Release|Any CPU
		{11B01398-3E84-419D-BB6D-32999108DAD9}.Release|x64.Build.0 = Release|Any CPU
		{12A3BD4E-D85C-4325-A472-A0FC673421A1}.Debug|Any CPU.ActiveCfg = Debug|Any CPU
		{12A3BD4E-D85C-4325-A472-A0FC673421A1}.Debug|Any CPU.Build.0 = Debug|Any CPU
		{12A3BD4E-D85C-4325-A472-A0FC673421A1}.Debug|x64.ActiveCfg = Debug|Any CPU
		{12A3BD4E-D85C-4325-A472-A0FC673421A1}.Debug|x64.Build.0 = Debug|Any CPU
		{12A3BD4E-D85C-4325-A472-A0FC673421A1}.Release|Any CPU.ActiveCfg = Release|Any CPU
		{12A3BD4E-D85C-4325-A472-A0FC673421A1}.Release|Any CPU.Build.0 = Release|Any CPU
		{12A3BD4E-D85C-4325-A472-A0FC673421A1}.Release|x64.ActiveCfg = Release|Any CPU
		{12A3BD4E-D85C-4325-A472-A0FC673421A1}.Release|x64.Build.0 = Release|Any CPU
		{0D6229DC-063D-4D89-B1D5-87E58EEEE3EE}.Debug|Any CPU.ActiveCfg = Debug|Any CPU
		{0D6229DC-063D-4D89-B1D5-87E58EEEE3EE}.Debug|Any CPU.Build.0 = Debug|Any CPU
		{0D6229DC-063D-4D89-B1D5-87E58EEEE3EE}.Debug|x64.ActiveCfg = Debug|Any CPU
		{0D6229DC-063D-4D89-B1D5-87E58EEEE3EE}.Debug|x64.Build.0 = Debug|Any CPU
		{0D6229DC-063D-4D89-B1D5-87E58EEEE3EE}.Release|Any CPU.ActiveCfg = Release|Any CPU
		{0D6229DC-063D-4D89-B1D5-87E58EEEE3EE}.Release|Any CPU.Build.0 = Release|Any CPU
		{0D6229DC-063D-4D89-B1D5-87E58EEEE3EE}.Release|x64.ActiveCfg = Release|Any CPU
		{0D6229DC-063D-4D89-B1D5-87E58EEEE3EE}.Release|x64.Build.0 = Release|Any CPU
		{E0BA1A85-90CC-4A73-AE72-1E4A8F705060}.Debug|Any CPU.ActiveCfg = Debug|Any CPU
		{E0BA1A85-90CC-4A73-AE72-1E4A8F705060}.Debug|Any CPU.Build.0 = Debug|Any CPU
		{E0BA1A85-90CC-4A73-AE72-1E4A8F705060}.Debug|x64.ActiveCfg = Debug|Any CPU
		{E0BA1A85-90CC-4A73-AE72-1E4A8F705060}.Debug|x64.Build.0 = Debug|Any CPU
		{E0BA1A85-90CC-4A73-AE72-1E4A8F705060}.Release|Any CPU.ActiveCfg = Release|Any CPU
		{E0BA1A85-90CC-4A73-AE72-1E4A8F705060}.Release|Any CPU.Build.0 = Release|Any CPU
		{E0BA1A85-90CC-4A73-AE72-1E4A8F705060}.Release|x64.ActiveCfg = Release|Any CPU
		{E0BA1A85-90CC-4A73-AE72-1E4A8F705060}.Release|x64.Build.0 = Release|Any CPU
		{A5372B5A-3C48-433E-AF93-D0812D1428A0}.Debug|Any CPU.ActiveCfg = Debug|Any CPU
		{A5372B5A-3C48-433E-AF93-D0812D1428A0}.Debug|Any CPU.Build.0 = Debug|Any CPU
		{A5372B5A-3C48-433E-AF93-D0812D1428A0}.Debug|x64.ActiveCfg = Debug|Any CPU
		{A5372B5A-3C48-433E-AF93-D0812D1428A0}.Debug|x64.Build.0 = Debug|Any CPU
		{A5372B5A-3C48-433E-AF93-D0812D1428A0}.Release|Any CPU.ActiveCfg = Release|Any CPU
		{A5372B5A-3C48-433E-AF93-D0812D1428A0}.Release|Any CPU.Build.0 = Release|Any CPU
		{A5372B5A-3C48-433E-AF93-D0812D1428A0}.Release|x64.ActiveCfg = Release|Any CPU
		{A5372B5A-3C48-433E-AF93-D0812D1428A0}.Release|x64.Build.0 = Release|Any CPU
		{2C447B4E-B86E-49D5-B6AD-A3A0669330DE}.Debug|Any CPU.ActiveCfg = Debug|Any CPU
		{2C447B4E-B86E-49D5-B6AD-A3A0669330DE}.Debug|Any CPU.Build.0 = Debug|Any CPU
		{2C447B4E-B86E-49D5-B6AD-A3A0669330DE}.Debug|x64.ActiveCfg = Debug|Any CPU
		{2C447B4E-B86E-49D5-B6AD-A3A0669330DE}.Debug|x64.Build.0 = Debug|Any CPU
		{2C447B4E-B86E-49D5-B6AD-A3A0669330DE}.Release|Any CPU.ActiveCfg = Release|Any CPU
		{2C447B4E-B86E-49D5-B6AD-A3A0669330DE}.Release|Any CPU.Build.0 = Release|Any CPU
		{2C447B4E-B86E-49D5-B6AD-A3A0669330DE}.Release|x64.ActiveCfg = Release|Any CPU
		{2C447B4E-B86E-49D5-B6AD-A3A0669330DE}.Release|x64.Build.0 = Release|Any CPU
		{D323AD37-2943-4FDB-A4FD-333F178968D0}.Debug|Any CPU.ActiveCfg = Debug|Any CPU
		{D323AD37-2943-4FDB-A4FD-333F178968D0}.Debug|Any CPU.Build.0 = Debug|Any CPU
		{D323AD37-2943-4FDB-A4FD-333F178968D0}.Debug|x64.ActiveCfg = Debug|Any CPU
		{D323AD37-2943-4FDB-A4FD-333F178968D0}.Debug|x64.Build.0 = Debug|Any CPU
		{D323AD37-2943-4FDB-A4FD-333F178968D0}.Release|Any CPU.ActiveCfg = Release|Any CPU
		{D323AD37-2943-4FDB-A4FD-333F178968D0}.Release|Any CPU.Build.0 = Release|Any CPU
		{D323AD37-2943-4FDB-A4FD-333F178968D0}.Release|x64.ActiveCfg = Release|Any CPU
		{D323AD37-2943-4FDB-A4FD-333F178968D0}.Release|x64.Build.0 = Release|Any CPU
	EndGlobalSection
	GlobalSection(SolutionProperties) = preSolution
		HideSolutionNode = FALSE
	EndGlobalSection
	GlobalSection(NestedProjects) = preSolution
		{3C80F67A-9D73-431D-AA85-AAF8D2B20066} = {2489DE21-F904-4FA1-9989-2A141327879E}
		{4ADA326D-4437-478C-9C38-1BDEEB20F1C4} = {2489DE21-F904-4FA1-9989-2A141327879E}
		{FC86A1BD-EEFA-4C2C-92DB-3675404CD550} = {4ADA326D-4437-478C-9C38-1BDEEB20F1C4}
		{026B9F89-2B0D-4C05-B24B-B977AF3A72FD} = {4ADA326D-4437-478C-9C38-1BDEEB20F1C4}
		{69C0CAA4-37B8-4579-8A87-43F8892CB3FC} = {4ADA326D-4437-478C-9C38-1BDEEB20F1C4}
		{4004B467-DE28-4B6A-9D51-724235C72010} = {3C80F67A-9D73-431D-AA85-AAF8D2B20066}
		{1D71EA45-BB6A-4606-A1D3-C8B5F76BFAE7} = {3C80F67A-9D73-431D-AA85-AAF8D2B20066}
		{1BC5E57F-EDDC-4C40-A06E-5675CC8FF6F8} = {3C80F67A-9D73-431D-AA85-AAF8D2B20066}
		{E03D97B9-BB8C-44D7-BE98-1C3BE5DB174F} = {2489DE21-F904-4FA1-9989-2A141327879E}
		{11B01398-3E84-419D-BB6D-32999108DAD9} = {E03D97B9-BB8C-44D7-BE98-1C3BE5DB174F}
		{12A3BD4E-D85C-4325-A472-A0FC673421A1} = {E03D97B9-BB8C-44D7-BE98-1C3BE5DB174F}
		{0D6229DC-063D-4D89-B1D5-87E58EEEE3EE} = {E03D97B9-BB8C-44D7-BE98-1C3BE5DB174F}
		{E0BA1A85-90CC-4A73-AE72-1E4A8F705060} = {E03D97B9-BB8C-44D7-BE98-1C3BE5DB174F}
		{2C447B4E-B86E-49D5-B6AD-A3A0669330DE} = {3C80F67A-9D73-431D-AA85-AAF8D2B20066}
		{D323AD37-2943-4FDB-A4FD-333F178968D0} = {4ADA326D-4437-478C-9C38-1BDEEB20F1C4}
	EndGlobalSection
	GlobalSection(ExtensibilityGlobals) = postSolution
		SolutionGuid = {3DED72E8-74C9-4A51-A9CE-62ECFEEA1921}
	EndGlobalSection
EndGlobal
