
Microsoft Visual Studio Solution File, Format Version 12.00
# Visual Studio Version 16
VisualStudioVersion = 16.0.29728.190
MinimumVisualStudioVersion = 10.0.40219.1
Project("{9A19103F-16F7-4668-BE54-9A1E7A4F7556}") = "19.Adnc.Common", "src\Adnc.Common\19.Adnc.Common.csproj", "{80120FAB-2FE5-4024-AC2B-917AB86B0659}"
EndProject
Project("{9A19103F-16F7-4668-BE54-9A1E7A4F7556}") = "22.Adnc.Infr.EfCore", "src\Adnc.EfCore\22.Adnc.Infr.EfCore.csproj", "{5C7ADEF0-19BF-420C-9D70-DA4FBFEAF1F0}"
EndProject
Project("{9A19103F-16F7-4668-BE54-9A1E7A4F7556}") = "30.Adnc.UnitTest", "test\Adnc.UnitTest\30.Adnc.UnitTest.csproj", "{81901123-24FC-49C8-A50B-138845A758FF}"
EndProject
Project("{9A19103F-16F7-4668-BE54-9A1E7A4F7556}") = "23.Adnc.Infr.Mongo", "src\Adnc.Mongo\23.Adnc.Infr.Mongo.csproj", "{7936C95D-4654-44FC-A960-15CBB6F5A5BC}"
EndProject
Project("{9A19103F-16F7-4668-BE54-9A1E7A4F7556}") = "03.Adnc.Maintaining", "src\Adnc.Maintaining\03.Adnc.Maintaining.csproj", "{AB99C7D3-6AF0-44B3-AA18-5AD466697444}"
EndProject
Project("{9A19103F-16F7-4668-BE54-9A1E7A4F7556}") = "01.Adnc.Gateway", "src\Adnc.Gateway\01.Adnc.Gateway.csproj", "{2B3BFC47-17E6-43A6-A7AD-24C8F855331F}"
EndProject
Project("{9A19103F-16F7-4668-BE54-9A1E7A4F7556}") = "20.Adnc.Infr.Consul", "src\Adnc.Infr.Consul\20.Adnc.Infr.Consul.csproj", "{77E839E4-EFE6-4CF3-90CD-D0083F318F2B}"
EndProject
Project("{9A19103F-16F7-4668-BE54-9A1E7A4F7556}") = "21.Adnc.Infr.EasyCaching", "src\Adnc.Infr.EasyCaching\21.Adnc.Infr.EasyCaching.csproj", "{D6C8BE30-7DD0-463D-8A15-54BA2AD57078}"
EndProject
Project("{9A19103F-16F7-4668-BE54-9A1E7A4F7556}") = "24.Adnc.Infr.Mq", "src\Adnc.Mq\24.Adnc.Infr.Mq.csproj", "{FAD7336D-2CDA-4FE0-BE35-26B73A568599}"
EndProject
Project("{9A19103F-16F7-4668-BE54-9A1E7A4F7556}") = "12.Adnc.Core.Shared", "src\Adnc.Core.Shared\12.Adnc.Core.Shared.csproj", "{851068F8-CC0B-4243-B4FF-0CBD86CAB6DE}"
EndProject
Project("{9A19103F-16F7-4668-BE54-9A1E7A4F7556}") = "11.Adnc.Application.Shared", "src\Adnc.Application.Shared\11.Adnc.Application.Shared.csproj", "{D128DA83-CF16-40C9-AE45-0DFF0003CAA3}"
EndProject
Project("{9A19103F-16F7-4668-BE54-9A1E7A4F7556}") = "10.Adnc.WebApi.Shared", "src\Adnc.WebApi.Shared\10.Adnc.WebApi.Shared.csproj", "{5B154973-B42A-4537-B632-611B802C4C60}"
EndProject
Project("{2150E333-8FDC-42A3-9474-1A3956D46DE8}") = "Portal", "Portal", "{2489DE21-F904-4FA1-9989-2A141327879E}"
EndProject
Project("{2150E333-8FDC-42A3-9474-1A3956D46DE8}") = "Adnc.Usr", "Adnc.Usr", "{3C80F67A-9D73-431D-AA85-AAF8D2B20066}"
EndProject
Project("{2150E333-8FDC-42A3-9474-1A3956D46DE8}") = "Adnc.Maint", "Adnc.Maint", "{4ADA326D-4437-478C-9C38-1BDEEB20F1C4}"
EndProject
Project("{9A19103F-16F7-4668-BE54-9A1E7A4F7556}") = "Adnc.Maint.Core", "src\Portal\Adnc.Maint\Adnc.Maint.Core\Adnc.Maint.Core.csproj", "{FC86A1BD-EEFA-4C2C-92DB-3675404CD550}"
EndProject
Project("{9A19103F-16F7-4668-BE54-9A1E7A4F7556}") = "Adnc.Maint.Application", "src\Portal\Adnc.Maint\Adnc.Maint.Application\Adnc.Maint.Application.csproj", "{026B9F89-2B0D-4C05-B24B-B977AF3A72FD}"
EndProject
Project("{9A19103F-16F7-4668-BE54-9A1E7A4F7556}") = "Adnc.Maint.WebApi", "src\Portal\Adnc.Maint\Adnc.Maint.WebApi\Adnc.Maint.WebApi.csproj", "{69C0CAA4-37B8-4579-8A87-43F8892CB3FC}"
EndProject
Project("{9A19103F-16F7-4668-BE54-9A1E7A4F7556}") = "Adnc.Usr.Core", "src\Portal\Adnc.Usr\Adnc.Usr.Core\Adnc.Usr.Core.csproj", "{4004B467-DE28-4B6A-9D51-724235C72010}"
EndProject
Project("{9A19103F-16F7-4668-BE54-9A1E7A4F7556}") = "Adnc.Usr.Application", "src\Portal\Adnc.Usr\Adnc.Usr.Application\Adnc.Usr.Application.csproj", "{1D71EA45-BB6A-4606-A1D3-C8B5F76BFAE7}"
EndProject
Project("{9A19103F-16F7-4668-BE54-9A1E7A4F7556}") = "Adnc.Usr.WebApi", "src\Portal\Adnc.Usr\Adnc.Usr.WebApi\Adnc.Usr.WebApi.csproj", "{1BC5E57F-EDDC-4C40-A06E-5675CC8FF6F8}"
EndProject
Global
	GlobalSection(SolutionConfigurationPlatforms) = preSolution
		Debug|Any CPU = Debug|Any CPU
		Debug|x64 = Debug|x64
		Release|Any CPU = Release|Any CPU
		Release|x64 = Release|x64
	EndGlobalSection
	GlobalSection(ProjectConfigurationPlatforms) = postSolution
		{80120FAB-2FE5-4024-AC2B-917AB86B0659}.Debug|Any CPU.ActiveCfg = Debug|Any CPU
		{80120FAB-2FE5-4024-AC2B-917AB86B0659}.Debug|Any CPU.Build.0 = Debug|Any CPU
		{80120FAB-2FE5-4024-AC2B-917AB86B0659}.Debug|x64.ActiveCfg = Debug|Any CPU
		{80120FAB-2FE5-4024-AC2B-917AB86B0659}.Debug|x64.Build.0 = Debug|Any CPU
		{80120FAB-2FE5-4024-AC2B-917AB86B0659}.Release|Any CPU.ActiveCfg = Release|Any CPU
		{80120FAB-2FE5-4024-AC2B-917AB86B0659}.Release|Any CPU.Build.0 = Release|Any CPU
		{80120FAB-2FE5-4024-AC2B-917AB86B0659}.Release|x64.ActiveCfg = Release|Any CPU
		{80120FAB-2FE5-4024-AC2B-917AB86B0659}.Release|x64.Build.0 = Release|Any CPU
		{5C7ADEF0-19BF-420C-9D70-DA4FBFEAF1F0}.Debug|Any CPU.ActiveCfg = Debug|Any CPU
		{5C7ADEF0-19BF-420C-9D70-DA4FBFEAF1F0}.Debug|Any CPU.Build.0 = Debug|Any CPU
		{5C7ADEF0-19BF-420C-9D70-DA4FBFEAF1F0}.Debug|x64.ActiveCfg = Debug|Any CPU
		{5C7ADEF0-19BF-420C-9D70-DA4FBFEAF1F0}.Debug|x64.Build.0 = Debug|Any CPU
		{5C7ADEF0-19BF-420C-9D70-DA4FBFEAF1F0}.Release|Any CPU.ActiveCfg = Release|Any CPU
		{5C7ADEF0-19BF-420C-9D70-DA4FBFEAF1F0}.Release|Any CPU.Build.0 = Release|Any CPU
		{5C7ADEF0-19BF-420C-9D70-DA4FBFEAF1F0}.Release|x64.ActiveCfg = Release|Any CPU
		{5C7ADEF0-19BF-420C-9D70-DA4FBFEAF1F0}.Release|x64.Build.0 = Release|Any CPU
		{81901123-24FC-49C8-A50B-138845A758FF}.Debug|Any CPU.ActiveCfg = Debug|Any CPU
		{81901123-24FC-49C8-A50B-138845A758FF}.Debug|Any CPU.Build.0 = Debug|Any CPU
		{81901123-24FC-49C8-A50B-138845A758FF}.Debug|x64.ActiveCfg = Debug|Any CPU
		{81901123-24FC-49C8-A50B-138845A758FF}.Debug|x64.Build.0 = Debug|Any CPU
		{81901123-24FC-49C8-A50B-138845A758FF}.Release|Any CPU.ActiveCfg = Release|Any CPU
		{81901123-24FC-49C8-A50B-138845A758FF}.Release|Any CPU.Build.0 = Release|Any CPU
		{81901123-24FC-49C8-A50B-138845A758FF}.Release|x64.ActiveCfg = Release|Any CPU
		{81901123-24FC-49C8-A50B-138845A758FF}.Release|x64.Build.0 = Release|Any CPU
		{7936C95D-4654-44FC-A960-15CBB6F5A5BC}.Debug|Any CPU.ActiveCfg = Debug|Any CPU
		{7936C95D-4654-44FC-A960-15CBB6F5A5BC}.Debug|Any CPU.Build.0 = Debug|Any CPU
		{7936C95D-4654-44FC-A960-15CBB6F5A5BC}.Debug|x64.ActiveCfg = Debug|Any CPU
		{7936C95D-4654-44FC-A960-15CBB6F5A5BC}.Debug|x64.Build.0 = Debug|Any CPU
		{7936C95D-4654-44FC-A960-15CBB6F5A5BC}.Release|Any CPU.ActiveCfg = Release|Any CPU
		{7936C95D-4654-44FC-A960-15CBB6F5A5BC}.Release|Any CPU.Build.0 = Release|Any CPU
		{7936C95D-4654-44FC-A960-15CBB6F5A5BC}.Release|x64.ActiveCfg = Release|Any CPU
		{7936C95D-4654-44FC-A960-15CBB6F5A5BC}.Release|x64.Build.0 = Release|Any CPU
		{AB99C7D3-6AF0-44B3-AA18-5AD466697444}.Debug|Any CPU.ActiveCfg = Debug|Any CPU
		{AB99C7D3-6AF0-44B3-AA18-5AD466697444}.Debug|Any CPU.Build.0 = Debug|Any CPU
		{AB99C7D3-6AF0-44B3-AA18-5AD466697444}.Debug|x64.ActiveCfg = Debug|Any CPU
		{AB99C7D3-6AF0-44B3-AA18-5AD466697444}.Debug|x64.Build.0 = Debug|Any CPU
		{AB99C7D3-6AF0-44B3-AA18-5AD466697444}.Release|Any CPU.ActiveCfg = Release|Any CPU
		{AB99C7D3-6AF0-44B3-AA18-5AD466697444}.Release|Any CPU.Build.0 = Release|Any CPU
		{AB99C7D3-6AF0-44B3-AA18-5AD466697444}.Release|x64.ActiveCfg = Release|Any CPU
		{AB99C7D3-6AF0-44B3-AA18-5AD466697444}.Release|x64.Build.0 = Release|Any CPU
		{2B3BFC47-17E6-43A6-A7AD-24C8F855331F}.Debug|Any CPU.ActiveCfg = Debug|Any CPU
		{2B3BFC47-17E6-43A6-A7AD-24C8F855331F}.Debug|Any CPU.Build.0 = Debug|Any CPU
		{2B3BFC47-17E6-43A6-A7AD-24C8F855331F}.Debug|x64.ActiveCfg = Debug|Any CPU
		{2B3BFC47-17E6-43A6-A7AD-24C8F855331F}.Debug|x64.Build.0 = Debug|Any CPU
		{2B3BFC47-17E6-43A6-A7AD-24C8F855331F}.Release|Any CPU.ActiveCfg = Release|Any CPU
		{2B3BFC47-17E6-43A6-A7AD-24C8F855331F}.Release|Any CPU.Build.0 = Release|Any CPU
		{2B3BFC47-17E6-43A6-A7AD-24C8F855331F}.Release|x64.ActiveCfg = Release|Any CPU
		{2B3BFC47-17E6-43A6-A7AD-24C8F855331F}.Release|x64.Build.0 = Release|Any CPU
		{77E839E4-EFE6-4CF3-90CD-D0083F318F2B}.Debug|Any CPU.ActiveCfg = Debug|Any CPU
		{77E839E4-EFE6-4CF3-90CD-D0083F318F2B}.Debug|Any CPU.Build.0 = Debug|Any CPU
		{77E839E4-EFE6-4CF3-90CD-D0083F318F2B}.Debug|x64.ActiveCfg = Debug|Any CPU
		{77E839E4-EFE6-4CF3-90CD-D0083F318F2B}.Debug|x64.Build.0 = Debug|Any CPU
		{77E839E4-EFE6-4CF3-90CD-D0083F318F2B}.Release|Any CPU.ActiveCfg = Release|Any CPU
		{77E839E4-EFE6-4CF3-90CD-D0083F318F2B}.Release|Any CPU.Build.0 = Release|Any CPU
		{77E839E4-EFE6-4CF3-90CD-D0083F318F2B}.Release|x64.ActiveCfg = Release|Any CPU
		{77E839E4-EFE6-4CF3-90CD-D0083F318F2B}.Release|x64.Build.0 = Release|Any CPU
		{D6C8BE30-7DD0-463D-8A15-54BA2AD57078}.Debug|Any CPU.ActiveCfg = Debug|Any CPU
		{D6C8BE30-7DD0-463D-8A15-54BA2AD57078}.Debug|Any CPU.Build.0 = Debug|Any CPU
		{D6C8BE30-7DD0-463D-8A15-54BA2AD57078}.Debug|x64.ActiveCfg = Debug|Any CPU
		{D6C8BE30-7DD0-463D-8A15-54BA2AD57078}.Debug|x64.Build.0 = Debug|Any CPU
		{D6C8BE30-7DD0-463D-8A15-54BA2AD57078}.Release|Any CPU.ActiveCfg = Release|Any CPU
		{D6C8BE30-7DD0-463D-8A15-54BA2AD57078}.Release|Any CPU.Build.0 = Release|Any CPU
		{D6C8BE30-7DD0-463D-8A15-54BA2AD57078}.Release|x64.ActiveCfg = Release|Any CPU
		{D6C8BE30-7DD0-463D-8A15-54BA2AD57078}.Release|x64.Build.0 = Release|Any CPU
		{FAD7336D-2CDA-4FE0-BE35-26B73A568599}.Debug|Any CPU.ActiveCfg = Debug|Any CPU
		{FAD7336D-2CDA-4FE0-BE35-26B73A568599}.Debug|Any CPU.Build.0 = Debug|Any CPU
		{FAD7336D-2CDA-4FE0-BE35-26B73A568599}.Debug|x64.ActiveCfg = Debug|Any CPU
		{FAD7336D-2CDA-4FE0-BE35-26B73A568599}.Debug|x64.Build.0 = Debug|Any CPU
		{FAD7336D-2CDA-4FE0-BE35-26B73A568599}.Release|Any CPU.ActiveCfg = Release|Any CPU
		{FAD7336D-2CDA-4FE0-BE35-26B73A568599}.Release|Any CPU.Build.0 = Release|Any CPU
		{FAD7336D-2CDA-4FE0-BE35-26B73A568599}.Release|x64.ActiveCfg = Release|Any CPU
		{FAD7336D-2CDA-4FE0-BE35-26B73A568599}.Release|x64.Build.0 = Release|Any CPU
		{851068F8-CC0B-4243-B4FF-0CBD86CAB6DE}.Debug|Any CPU.ActiveCfg = Debug|Any CPU
		{851068F8-CC0B-4243-B4FF-0CBD86CAB6DE}.Debug|Any CPU.Build.0 = Debug|Any CPU
		{851068F8-CC0B-4243-B4FF-0CBD86CAB6DE}.Debug|x64.ActiveCfg = Debug|Any CPU
		{851068F8-CC0B-4243-B4FF-0CBD86CAB6DE}.Debug|x64.Build.0 = Debug|Any CPU
		{851068F8-CC0B-4243-B4FF-0CBD86CAB6DE}.Release|Any CPU.ActiveCfg = Release|Any CPU
		{851068F8-CC0B-4243-B4FF-0CBD86CAB6DE}.Release|Any CPU.Build.0 = Release|Any CPU
		{851068F8-CC0B-4243-B4FF-0CBD86CAB6DE}.Release|x64.ActiveCfg = Release|Any CPU
		{851068F8-CC0B-4243-B4FF-0CBD86CAB6DE}.Release|x64.Build.0 = Release|Any CPU
		{D128DA83-CF16-40C9-AE45-0DFF0003CAA3}.Debug|Any CPU.ActiveCfg = Debug|Any CPU
		{D128DA83-CF16-40C9-AE45-0DFF0003CAA3}.Debug|Any CPU.Build.0 = Debug|Any CPU
		{D128DA83-CF16-40C9-AE45-0DFF0003CAA3}.Debug|x64.ActiveCfg = Debug|Any CPU
		{D128DA83-CF16-40C9-AE45-0DFF0003CAA3}.Debug|x64.Build.0 = Debug|Any CPU
		{D128DA83-CF16-40C9-AE45-0DFF0003CAA3}.Release|Any CPU.ActiveCfg = Release|Any CPU
		{D128DA83-CF16-40C9-AE45-0DFF0003CAA3}.Release|Any CPU.Build.0 = Release|Any CPU
		{D128DA83-CF16-40C9-AE45-0DFF0003CAA3}.Release|x64.ActiveCfg = Release|Any CPU
		{D128DA83-CF16-40C9-AE45-0DFF0003CAA3}.Release|x64.Build.0 = Release|Any CPU
		{5B154973-B42A-4537-B632-611B802C4C60}.Debug|Any CPU.ActiveCfg = Debug|Any CPU
		{5B154973-B42A-4537-B632-611B802C4C60}.Debug|Any CPU.Build.0 = Debug|Any CPU
		{5B154973-B42A-4537-B632-611B802C4C60}.Debug|x64.ActiveCfg = Debug|Any CPU
		{5B154973-B42A-4537-B632-611B802C4C60}.Debug|x64.Build.0 = Debug|Any CPU
		{5B154973-B42A-4537-B632-611B802C4C60}.Release|Any CPU.ActiveCfg = Release|Any CPU
		{5B154973-B42A-4537-B632-611B802C4C60}.Release|Any CPU.Build.0 = Release|Any CPU
		{5B154973-B42A-4537-B632-611B802C4C60}.Release|x64.ActiveCfg = Release|Any CPU
		{5B154973-B42A-4537-B632-611B802C4C60}.Release|x64.Build.0 = Release|Any CPU
		{FC86A1BD-EEFA-4C2C-92DB-3675404CD550}.Debug|Any CPU.ActiveCfg = Debug|Any CPU
		{FC86A1BD-EEFA-4C2C-92DB-3675404CD550}.Debug|Any CPU.Build.0 = Debug|Any CPU
		{FC86A1BD-EEFA-4C2C-92DB-3675404CD550}.Debug|x64.ActiveCfg = Debug|Any CPU
		{FC86A1BD-EEFA-4C2C-92DB-3675404CD550}.Debug|x64.Build.0 = Debug|Any CPU
		{FC86A1BD-EEFA-4C2C-92DB-3675404CD550}.Release|Any CPU.ActiveCfg = Release|Any CPU
		{FC86A1BD-EEFA-4C2C-92DB-3675404CD550}.Release|Any CPU.Build.0 = Release|Any CPU
		{FC86A1BD-EEFA-4C2C-92DB-3675404CD550}.Release|x64.ActiveCfg = Release|Any CPU
		{FC86A1BD-EEFA-4C2C-92DB-3675404CD550}.Release|x64.Build.0 = Release|Any CPU
		{026B9F89-2B0D-4C05-B24B-B977AF3A72FD}.Debug|Any CPU.ActiveCfg = Debug|Any CPU
		{026B9F89-2B0D-4C05-B24B-B977AF3A72FD}.Debug|Any CPU.Build.0 = Debug|Any CPU
		{026B9F89-2B0D-4C05-B24B-B977AF3A72FD}.Debug|x64.ActiveCfg = Debug|Any CPU
		{026B9F89-2B0D-4C05-B24B-B977AF3A72FD}.Debug|x64.Build.0 = Debug|Any CPU
		{026B9F89-2B0D-4C05-B24B-B977AF3A72FD}.Release|Any CPU.ActiveCfg = Release|Any CPU
		{026B9F89-2B0D-4C05-B24B-B977AF3A72FD}.Release|Any CPU.Build.0 = Release|Any CPU
		{026B9F89-2B0D-4C05-B24B-B977AF3A72FD}.Release|x64.ActiveCfg = Release|Any CPU
		{026B9F89-2B0D-4C05-B24B-B977AF3A72FD}.Release|x64.Build.0 = Release|Any CPU
		{69C0CAA4-37B8-4579-8A87-43F8892CB3FC}.Debug|Any CPU.ActiveCfg = Debug|Any CPU
		{69C0CAA4-37B8-4579-8A87-43F8892CB3FC}.Debug|Any CPU.Build.0 = Debug|Any CPU
		{69C0CAA4-37B8-4579-8A87-43F8892CB3FC}.Debug|x64.ActiveCfg = Debug|Any CPU
		{69C0CAA4-37B8-4579-8A87-43F8892CB3FC}.Debug|x64.Build.0 = Debug|Any CPU
		{69C0CAA4-37B8-4579-8A87-43F8892CB3FC}.Release|Any CPU.ActiveCfg = Release|Any CPU
		{69C0CAA4-37B8-4579-8A87-43F8892CB3FC}.Release|Any CPU.Build.0 = Release|Any CPU
		{69C0CAA4-37B8-4579-8A87-43F8892CB3FC}.Release|x64.ActiveCfg = Release|Any CPU
		{69C0CAA4-37B8-4579-8A87-43F8892CB3FC}.Release|x64.Build.0 = Release|Any CPU
		{4004B467-DE28-4B6A-9D51-724235C72010}.Debug|Any CPU.ActiveCfg = Debug|Any CPU
		{4004B467-DE28-4B6A-9D51-724235C72010}.Debug|Any CPU.Build.0 = Debug|Any CPU
		{4004B467-DE28-4B6A-9D51-724235C72010}.Debug|x64.ActiveCfg = Debug|Any CPU
		{4004B467-DE28-4B6A-9D51-724235C72010}.Debug|x64.Build.0 = Debug|Any CPU
		{4004B467-DE28-4B6A-9D51-724235C72010}.Release|Any CPU.ActiveCfg = Release|Any CPU
		{4004B467-DE28-4B6A-9D51-724235C72010}.Release|Any CPU.Build.0 = Release|Any CPU
		{4004B467-DE28-4B6A-9D51-724235C72010}.Release|x64.ActiveCfg = Release|Any CPU
		{4004B467-DE28-4B6A-9D51-724235C72010}.Release|x64.Build.0 = Release|Any CPU
		{1D71EA45-BB6A-4606-A1D3-C8B5F76BFAE7}.Debug|Any CPU.ActiveCfg = Debug|Any CPU
		{1D71EA45-BB6A-4606-A1D3-C8B5F76BFAE7}.Debug|Any CPU.Build.0 = Debug|Any CPU
		{1D71EA45-BB6A-4606-A1D3-C8B5F76BFAE7}.Debug|x64.ActiveCfg = Debug|Any CPU
		{1D71EA45-BB6A-4606-A1D3-C8B5F76BFAE7}.Debug|x64.Build.0 = Debug|Any CPU
		{1D71EA45-BB6A-4606-A1D3-C8B5F76BFAE7}.Release|Any CPU.ActiveCfg = Release|Any CPU
		{1D71EA45-BB6A-4606-A1D3-C8B5F76BFAE7}.Release|Any CPU.Build.0 = Release|Any CPU
		{1D71EA45-BB6A-4606-A1D3-C8B5F76BFAE7}.Release|x64.ActiveCfg = Release|Any CPU
		{1D71EA45-BB6A-4606-A1D3-C8B5F76BFAE7}.Release|x64.Build.0 = Release|Any CPU
		{1BC5E57F-EDDC-4C40-A06E-5675CC8FF6F8}.Debug|Any CPU.ActiveCfg = Debug|Any CPU
		{1BC5E57F-EDDC-4C40-A06E-5675CC8FF6F8}.Debug|Any CPU.Build.0 = Debug|Any CPU
		{1BC5E57F-EDDC-4C40-A06E-5675CC8FF6F8}.Debug|x64.ActiveCfg = Debug|Any CPU
		{1BC5E57F-EDDC-4C40-A06E-5675CC8FF6F8}.Debug|x64.Build.0 = Debug|Any CPU
		{1BC5E57F-EDDC-4C40-A06E-5675CC8FF6F8}.Release|Any CPU.ActiveCfg = Release|Any CPU
		{1BC5E57F-EDDC-4C40-A06E-5675CC8FF6F8}.Release|Any CPU.Build.0 = Release|Any CPU
		{1BC5E57F-EDDC-4C40-A06E-5675CC8FF6F8}.Release|x64.ActiveCfg = Release|Any CPU
		{1BC5E57F-EDDC-4C40-A06E-5675CC8FF6F8}.Release|x64.Build.0 = Release|Any CPU
	EndGlobalSection
	GlobalSection(SolutionProperties) = preSolution
		HideSolutionNode = FALSE
	EndGlobalSection
	GlobalSection(NestedProjects) = preSolution
		{3C80F67A-9D73-431D-AA85-AAF8D2B20066} = {2489DE21-F904-4FA1-9989-2A141327879E}
		{4ADA326D-4437-478C-9C38-1BDEEB20F1C4} = {2489DE21-F904-4FA1-9989-2A141327879E}
		{FC86A1BD-EEFA-4C2C-92DB-3675404CD550} = {4ADA326D-4437-478C-9C38-1BDEEB20F1C4}
		{026B9F89-2B0D-4C05-B24B-B977AF3A72FD} = {4ADA326D-4437-478C-9C38-1BDEEB20F1C4}
		{69C0CAA4-37B8-4579-8A87-43F8892CB3FC} = {4ADA326D-4437-478C-9C38-1BDEEB20F1C4}
		{4004B467-DE28-4B6A-9D51-724235C72010} = {3C80F67A-9D73-431D-AA85-AAF8D2B20066}
		{1D71EA45-BB6A-4606-A1D3-C8B5F76BFAE7} = {3C80F67A-9D73-431D-AA85-AAF8D2B20066}
		{1BC5E57F-EDDC-4C40-A06E-5675CC8FF6F8} = {3C80F67A-9D73-431D-AA85-AAF8D2B20066}
	EndGlobalSection
	GlobalSection(ExtensibilityGlobals) = postSolution
		SolutionGuid = {3DED72E8-74C9-4A51-A9CE-62ECFEEA1921}
	EndGlobalSection
EndGlobal
