
Microsoft Visual Studio Solution File, Format Version 12.00
# Visual Studio Version 17
VisualStudioVersion = 17.14.36109.1
MinimumVisualStudioVersion = 10.0.40219.1
Project("{FAE04EC0-301F-11D3-BF4B-00C04F79EFBC}") = "youapi", "youapi\youapi.csproj", "{6FF26C16-5D1A-495E-A22E-E1791EB44BBC}"
EndProject
Global
	GlobalSection(SolutionConfigurationPlatforms) = preSolution
		Debug|Any CPU = Debug|Any CPU
		Release|Any CPU = Release|Any CPU
	EndGlobalSection
	GlobalSection(ProjectConfigurationPlatforms) = postSolution
		{6FF26C16-5D1A-495E-A22E-E1791EB44BBC}.Debug|Any CPU.ActiveCfg = Debug|Any CPU
		{6FF26C16-5D1A-495E-A22E-E1791EB44BBC}.Debug|Any CPU.Build.0 = Debug|Any CPU
		{6FF26C16-5D1A-495E-A22E-E1791EB44BBC}.Release|Any CPU.ActiveCfg = Release|Any CPU
		{6FF26C16-5D1A-495E-A22E-E1791EB44BBC}.Release|Any CPU.Build.0 = Release|Any CPU
	EndGlobalSection
	GlobalSection(SolutionProperties) = preSolution
		HideSolutionNode = FALSE
	EndGlobalSection
	GlobalSection(ExtensibilityGlobals) = postSolution
		SolutionGuid = {6119D206-D5AD-4784-A780-4B96C32150D9}
	EndGlobalSection
EndGlobal
