
Microsoft Visual Studio Solution File, Format Version 12.00
# Visual Studio Version 16
VisualStudioVersion = 16.0.29728.190
MinimumVisualStudioVersion = 10.0.40219.1
Project("{9A19103F-16F7-4668-BE54-9A1E7A4F7556}") = "22.Adnc.Infr.EfCore", "Adnc.Infr.EfCore\22.Adnc.Infr.EfCore.csproj", "{5C7ADEF0-19BF-420C-9D70-DA4FBFEAF1F0}"
EndProject
Project("{9A19103F-16F7-4668-BE54-9A1E7A4F7556}") = "11.Adnc.Infr.HealthCheckUI", "Adnc.Infr.HealthCheckUI\11.Adnc.Infr.HealthCheckUI.csproj", "{AB99C7D3-6AF0-44B3-AA18-5AD466697444}"
EndProject
Project("{9A19103F-16F7-4668-BE54-9A1E7A4F7556}") = "10.Adnc.Infr.Gateway", "Adnc.Infr.Gateway\10.Adnc.Infr.Gateway.csproj", "{2B3BFC47-17E6-43A6-A7AD-24C8F855331F}"
EndProject
Project("{9A19103F-16F7-4668-BE54-9A1E7A4F7556}") = "20.Adnc.Infr.Consul", "Adnc.Infr.Consul\20.Adnc.Infr.Consul.csproj", "{77E839E4-EFE6-4CF3-90CD-D0083F318F2B}"
EndProject
Project("{9A19103F-16F7-4668-BE54-9A1E7A4F7556}") = "21.Adnc.Infr.EasyCaching", "Adnc.Infr.EasyCaching\21.Adnc.Infr.EasyCaching.csproj", "{D6C8BE30-7DD0-463D-8A15-54BA2AD57078}"
EndProject
Project("{9A19103F-16F7-4668-BE54-9A1E7A4F7556}") = "24.Adnc.Infr.Mq", "Adnc.Infr.Mq\24.Adnc.Infr.Mq.csproj", "{FAD7336D-2CDA-4FE0-BE35-26B73A568599}"
EndProject
Project("{9A19103F-16F7-4668-BE54-9A1E7A4F7556}") = "03.Adnc.Core.Shared", "Adnc.Core.Shared\03.Adnc.Core.Shared.csproj", "{851068F8-CC0B-4243-B4FF-0CBD86CAB6DE}"
EndProject
Project("{9A19103F-16F7-4668-BE54-9A1E7A4F7556}") = "02.Adnc.Application.Shared", "Adnc.Application.Shared\02.Adnc.Application.Shared.csproj", "{D128DA83-CF16-40C9-AE45-0DFF0003CAA3}"
EndProject
Project("{9A19103F-16F7-4668-BE54-9A1E7A4F7556}") = "01.Adnc.WebApi.Shared", "Adnc.WebApi.Shared\01.Adnc.WebApi.Shared.csproj", "{5B154973-B42A-4537-B632-611B802C4C60}"
EndProject
Project("{9A19103F-16F7-4668-BE54-9A1E7A4F7556}") = "23.Adnc.Infr.Mongo", "Adnc.Infr.Mongo\23.Adnc.Infr.Mongo.csproj", "{A5372B5A-3C48-433E-AF93-D0812D1428A0}"
EndProject
Project("{2150E333-8FDC-42A3-9474-1A3956D46DE8}") = "Adnc.Infras", "Adnc.Infras", "{3B899133-BEAC-4438-977F-B28FDFF3AE27}"
EndProject
Project("{2150E333-8FDC-42A3-9474-1A3956D46DE8}") = "Adnc.Portal", "Adnc.Portal", "{0CDC8FFF-393C-4C44-A2D8-996C24C51024}"
EndProject
Project("{2150E333-8FDC-42A3-9474-1A3956D46DE8}") = "61.Adnc.Usr", "61.Adnc.Usr", "{EB4CD5BA-9A74-4261-8CF3-28B8C7AE8D89}"
EndProject
Project("{9A19103F-16F7-4668-BE54-9A1E7A4F7556}") = "Adnc.Usr.WebApi", "Portal\Adnc.Usr\Adnc.Usr.WebApi\Adnc.Usr.WebApi.csproj", "{1A612204-5F59-4940-B0F1-5F1098FDEF2A}"
EndProject
Project("{9A19103F-16F7-4668-BE54-9A1E7A4F7556}") = "Adnc.Usr.Migrations", "Portal\Adnc.Usr\Adnc.Usr.Migrations\Adnc.Usr.Migrations.csproj", "{ABD3F97C-A7A9-42E8-B34A-E30EFB9C6592}"
EndProject
Project("{9A19103F-16F7-4668-BE54-9A1E7A4F7556}") = "Adnc.Usr.Core", "Portal\Adnc.Usr\Adnc.Usr.Core\Adnc.Usr.Core.csproj", "{D7A05D35-410C-471B-86A2-242949749FE7}"
EndProject
Project("{9A19103F-16F7-4668-BE54-9A1E7A4F7556}") = "Adnc.Usr.Application", "Portal\Adnc.Usr\Adnc.Usr.Application\Adnc.Usr.Application.csproj", "{9A597B8E-C483-49FF-805C-FB2DFD3BDBAB}"
EndProject
Project("{2150E333-8FDC-42A3-9474-1A3956D46DE8}") = "62.Adnc.Maint", "62.Adnc.Maint", "{4362083A-615A-4EA5-9C7F-4A3F9C3AD7EB}"
EndProject
Project("{9A19103F-16F7-4668-BE54-9A1E7A4F7556}") = "Adnc.Maint.WebApi", "Portal\Adnc.Maint\Adnc.Maint.WebApi\Adnc.Maint.WebApi.csproj", "{08614492-D9B5-46CD-A18C-8397DAAE105E}"
EndProject
Project("{9A19103F-16F7-4668-BE54-9A1E7A4F7556}") = "Adnc.Maint.Migrations", "Portal\Adnc.Maint\Adnc.Maint.Migrations\Adnc.Maint.Migrations.csproj", "{1AD931D1-8CFD-491F-A11C-036E76B12354}"
EndProject
Project("{9A19103F-16F7-4668-BE54-9A1E7A4F7556}") = "Adnc.Maint.Core", "Portal\Adnc.Maint\Adnc.Maint.Core\Adnc.Maint.Core.csproj", "{8C37CA99-D8C8-4B79-A105-1641495A5D32}"
EndProject
Project("{9A19103F-16F7-4668-BE54-9A1E7A4F7556}") = "Adnc.Maint.Application", "Portal\Adnc.Maint\Adnc.Maint.Application\Adnc.Maint.Application.csproj", "{70B486FC-97DC-4E4F-B624-35597256AA1B}"
EndProject
Project("{2150E333-8FDC-42A3-9474-1A3956D46DE8}") = "63.Adnc.Cust", "63.Adnc.Cust", "{59BC5307-F242-4DA0-8113-2200008A8A06}"
EndProject
Project("{9A19103F-16F7-4668-BE54-9A1E7A4F7556}") = "Adnc.Cus.Core", "Portal\Adnc.Cus\Adnc.Cus.Core\Adnc.Cus.Core.csproj", "{E51585C7-9FA3-49E5-B137-050F7EF50067}"
EndProject
Project("{9A19103F-16F7-4668-BE54-9A1E7A4F7556}") = "Adnc.Cus.Migrations", "Portal\Adnc.Cus\Adnc.Cus.Migrations\Adnc.Cus.Migrations.csproj", "{C3BF3F14-CBC1-4365-A321-F79C619E4FCC}"
EndProject
Project("{9A19103F-16F7-4668-BE54-9A1E7A4F7556}") = "Adnc.Cus.Application", "Portal\Adnc.Cus\Adnc.Cus.Application\Adnc.Cus.Application.csproj", "{B0BDC38B-EBCE-4927-A733-D2E5315A56FB}"
EndProject
Project("{9A19103F-16F7-4668-BE54-9A1E7A4F7556}") = "Adnc.Cus.WebApi", "Portal\Adnc.Cus\Adnc.Cus.WebApi\Adnc.Cus.WebApi.csproj", "{C55DD344-CBAD-45CC-A26B-7560AC49E097}"
EndProject
Project("{9A19103F-16F7-4668-BE54-9A1E7A4F7556}") = "04.Adnc.Infr.Common", "Adnc.Infr.Common\04.Adnc.Infr.Common.csproj", "{C85B6692-FF87-42A1-9513-E499235ED54A}"
EndProject
Project("{2150E333-8FDC-42A3-9474-1A3956D46DE8}") = "Adnc.Tests", "Adnc.Tests", "{23D3D93F-CE63-41DD-BE55-95EAFBB3280C}"
EndProject
Project("{9A19103F-16F7-4668-BE54-9A1E7A4F7556}") = "31.Adnc.PerformTest", "..\..\test\Adnc.PerformTest\31.Adnc.PerformTest.csproj", "{85DF5C51-ADC8-4FF3-8C7C-F73C91738D09}"
EndProject
Project("{9A19103F-16F7-4668-BE54-9A1E7A4F7556}") = "30.Adnc.UnitTest", "..\..\test\Adnc.UnitTest\30.Adnc.UnitTest.csproj", "{0E0FA7F9-116D-48F3-93DE-A7C5DE582DB5}"
EndProject
Project("{2150E333-8FDC-42A3-9474-1A3956D46DE8}") = "64.Adnc.Ord", "64.Adnc.Ord", "{6659C0D2-F08D-40B3-99ED-AA85505A5DA7}"
EndProject
Project("{2150E333-8FDC-42A3-9474-1A3956D46DE8}") = "65.Adnc.Whse", "65.Adnc.Whse", "{F66B1CBA-1C4E-424B-B558-2BB9FD8797D2}"
EndProject
Project("{9A19103F-16F7-4668-BE54-9A1E7A4F7556}") = "Adnc.Whse.Application", "Portal\Adnc.Whse\Adnc.Whse.Application\Adnc.Whse.Application.csproj", "{0EACA3ED-36B3-4ED2-9235-93D24422A396}"
EndProject
Project("{9A19103F-16F7-4668-BE54-9A1E7A4F7556}") = "Adnc.Whse.WebApi", "Portal\Adnc.Whse\Adnc.Whse.WebApi\Adnc.Whse.WebApi.csproj", "{F3C046F9-85FF-4934-90E7-E043E4DF33F8}"
EndProject
Project("{9A19103F-16F7-4668-BE54-9A1E7A4F7556}") = "Adnc.Whse.Migrations", "Portal\Adnc.Whse\Adnc.Whse.Migrations\Adnc.Whse.Migrations.csproj", "{B2A1BC7F-8C12-4A7C-8681-ECE83A66965C}"
EndProject
Project("{9A19103F-16F7-4668-BE54-9A1E7A4F7556}") = "Adnc.Whse.Core", "Portal\Adnc.Whse\Adnc.Whse.Core\Adnc.Whse.Core.csproj", "{98D4EE34-0543-4078-A2FB-326A275B2E06}"
EndProject
Project("{9A19103F-16F7-4668-BE54-9A1E7A4F7556}") = "Adnc.Ord.Core", "Portal\Adnc.Ord\Adnc.Ord.Core\Adnc.Ord.Core.csproj", "{C14D5DA6-321B-4649-B8F1-EE11007B0B28}"
EndProject
Project("{9A19103F-16F7-4668-BE54-9A1E7A4F7556}") = "Adnc.Ord.Application", "Portal\Adnc.Ord\Adnc.Ord.Application\Adnc.Ord.Application.csproj", "{62BF59EF-F28A-4989-8423-A89819A34431}"
EndProject
Project("{9A19103F-16F7-4668-BE54-9A1E7A4F7556}") = "25.Adnc.Infr.EventBus", "Adnc.Infr.EventBus\25.Adnc.Infr.EventBus.csproj", "{28CBA3C8-5025-472E-99AD-FFA051936C94}"
EndProject
Project("{9A19103F-16F7-4668-BE54-9A1E7A4F7556}") = "Adnc.Ord.Migrations", "Portal\Adnc.Ord\Adnc.Ord.Migrations\Adnc.Ord.Migrations.csproj", "{65A612B2-CF1F-4EFC-BC4E-32AF75FAFC37}"
EndProject
Project("{9A19103F-16F7-4668-BE54-9A1E7A4F7556}") = "Adnc.Ord.WebApi", "Portal\Adnc.Ord\Adnc.Ord.WebApi\Adnc.Ord.WebApi.csproj", "{660C5BA1-B2F6-45CA-8EF0-CC760F0A4C0B}"
EndProject
Global
	GlobalSection(SolutionConfigurationPlatforms) = preSolution
		Debug|Any CPU = Debug|Any CPU
		Debug|x64 = Debug|x64
		Release|Any CPU = Release|Any CPU
		Release|x64 = Release|x64
	EndGlobalSection
	GlobalSection(ProjectConfigurationPlatforms) = postSolution
		{5C7ADEF0-19BF-420C-9D70-DA4FBFEAF1F0}.Debug|Any CPU.ActiveCfg = Debug|Any CPU
		{5C7ADEF0-19BF-420C-9D70-DA4FBFEAF1F0}.Debug|Any CPU.Build.0 = Debug|Any CPU
		{5C7ADEF0-19BF-420C-9D70-DA4FBFEAF1F0}.Debug|x64.ActiveCfg = Debug|Any CPU
		{5C7ADEF0-19BF-420C-9D70-DA4FBFEAF1F0}.Debug|x64.Build.0 = Debug|Any CPU
		{5C7ADEF0-19BF-420C-9D70-DA4FBFEAF1F0}.Release|Any CPU.ActiveCfg = Release|Any CPU
		{5C7ADEF0-19BF-420C-9D70-DA4FBFEAF1F0}.Release|Any CPU.Build.0 = Release|Any CPU
		{5C7ADEF0-19BF-420C-9D70-DA4FBFEAF1F0}.Release|x64.ActiveCfg = Release|Any CPU
		{5C7ADEF0-19BF-420C-9D70-DA4FBFEAF1F0}.Release|x64.Build.0 = Release|Any CPU
		{AB99C7D3-6AF0-44B3-AA18-5AD466697444}.Debug|Any CPU.ActiveCfg = Debug|Any CPU
		{AB99C7D3-6AF0-44B3-AA18-5AD466697444}.Debug|Any CPU.Build.0 = Debug|Any CPU
		{AB99C7D3-6AF0-44B3-AA18-5AD466697444}.Debug|x64.ActiveCfg = Debug|Any CPU
		{AB99C7D3-6AF0-44B3-AA18-5AD466697444}.Debug|x64.Build.0 = Debug|Any CPU
		{AB99C7D3-6AF0-44B3-AA18-5AD466697444}.Release|Any CPU.ActiveCfg = Release|Any CPU
		{AB99C7D3-6AF0-44B3-AA18-5AD466697444}.Release|Any CPU.Build.0 = Release|Any CPU
		{AB99C7D3-6AF0-44B3-AA18-5AD466697444}.Release|x64.ActiveCfg = Release|Any CPU
		{AB99C7D3-6AF0-44B3-AA18-5AD466697444}.Release|x64.Build.0 = Release|Any CPU
		{2B3BFC47-17E6-43A6-A7AD-24C8F855331F}.Debug|Any CPU.ActiveCfg = Debug|Any CPU
		{2B3BFC47-17E6-43A6-A7AD-24C8F855331F}.Debug|Any CPU.Build.0 = Debug|Any CPU
		{2B3BFC47-17E6-43A6-A7AD-24C8F855331F}.Debug|x64.ActiveCfg = Debug|Any CPU
		{2B3BFC47-17E6-43A6-A7AD-24C8F855331F}.Debug|x64.Build.0 = Debug|Any CPU
		{2B3BFC47-17E6-43A6-A7AD-24C8F855331F}.Release|Any CPU.ActiveCfg = Release|Any CPU
		{2B3BFC47-17E6-43A6-A7AD-24C8F855331F}.Release|Any CPU.Build.0 = Release|Any CPU
		{2B3BFC47-17E6-43A6-A7AD-24C8F855331F}.Release|x64.ActiveCfg = Release|Any CPU
		{2B3BFC47-17E6-43A6-A7AD-24C8F855331F}.Release|x64.Build.0 = Release|Any CPU
		{77E839E4-EFE6-4CF3-90CD-D0083F318F2B}.Debug|Any CPU.ActiveCfg = Debug|Any CPU
		{77E839E4-EFE6-4CF3-90CD-D0083F318F2B}.Debug|Any CPU.Build.0 = Debug|Any CPU
		{77E839E4-EFE6-4CF3-90CD-D0083F318F2B}.Debug|x64.ActiveCfg = Debug|Any CPU
		{77E839E4-EFE6-4CF3-90CD-D0083F318F2B}.Debug|x64.Build.0 = Debug|Any CPU
		{77E839E4-EFE6-4CF3-90CD-D0083F318F2B}.Release|Any CPU.ActiveCfg = Release|Any CPU
		{77E839E4-EFE6-4CF3-90CD-D0083F318F2B}.Release|Any CPU.Build.0 = Release|Any CPU
		{77E839E4-EFE6-4CF3-90CD-D0083F318F2B}.Release|x64.ActiveCfg = Release|Any CPU
		{77E839E4-EFE6-4CF3-90CD-D0083F318F2B}.Release|x64.Build.0 = Release|Any CPU
		{D6C8BE30-7DD0-463D-8A15-54BA2AD57078}.Debug|Any CPU.ActiveCfg = Debug|Any CPU
		{D6C8BE30-7DD0-463D-8A15-54BA2AD57078}.Debug|Any CPU.Build.0 = Debug|Any CPU
		{D6C8BE30-7DD0-463D-8A15-54BA2AD57078}.Debug|x64.ActiveCfg = Debug|Any CPU
		{D6C8BE30-7DD0-463D-8A15-54BA2AD57078}.Debug|x64.Build.0 = Debug|Any CPU
		{D6C8BE30-7DD0-463D-8A15-54BA2AD57078}.Release|Any CPU.ActiveCfg = Release|Any CPU
		{D6C8BE30-7DD0-463D-8A15-54BA2AD57078}.Release|Any CPU.Build.0 = Release|Any CPU
		{D6C8BE30-7DD0-463D-8A15-54BA2AD57078}.Release|x64.ActiveCfg = Release|Any CPU
		{D6C8BE30-7DD0-463D-8A15-54BA2AD57078}.Release|x64.Build.0 = Release|Any CPU
		{FAD7336D-2CDA-4FE0-BE35-26B73A568599}.Debug|Any CPU.ActiveCfg = Debug|Any CPU
		{FAD7336D-2CDA-4FE0-BE35-26B73A568599}.Debug|Any CPU.Build.0 = Debug|Any CPU
		{FAD7336D-2CDA-4FE0-BE35-26B73A568599}.Debug|x64.ActiveCfg = Debug|Any CPU
		{FAD7336D-2CDA-4FE0-BE35-26B73A568599}.Debug|x64.Build.0 = Debug|Any CPU
		{FAD7336D-2CDA-4FE0-BE35-26B73A568599}.Release|Any CPU.ActiveCfg = Release|Any CPU
		{FAD7336D-2CDA-4FE0-BE35-26B73A568599}.Release|Any CPU.Build.0 = Release|Any CPU
		{FAD7336D-2CDA-4FE0-BE35-26B73A568599}.Release|x64.ActiveCfg = Release|Any CPU
		{FAD7336D-2CDA-4FE0-BE35-26B73A568599}.Release|x64.Build.0 = Release|Any CPU
		{851068F8-CC0B-4243-B4FF-0CBD86CAB6DE}.Debug|Any CPU.ActiveCfg = Debug|Any CPU
		{851068F8-CC0B-4243-B4FF-0CBD86CAB6DE}.Debug|Any CPU.Build.0 = Debug|Any CPU
		{851068F8-CC0B-4243-B4FF-0CBD86CAB6DE}.Debug|x64.ActiveCfg = Debug|Any CPU
		{851068F8-CC0B-4243-B4FF-0CBD86CAB6DE}.Debug|x64.Build.0 = Debug|Any CPU
		{851068F8-CC0B-4243-B4FF-0CBD86CAB6DE}.Release|Any CPU.ActiveCfg = Release|Any CPU
		{851068F8-CC0B-4243-B4FF-0CBD86CAB6DE}.Release|Any CPU.Build.0 = Release|Any CPU
		{851068F8-CC0B-4243-B4FF-0CBD86CAB6DE}.Release|x64.ActiveCfg = Release|Any CPU
		{851068F8-CC0B-4243-B4FF-0CBD86CAB6DE}.Release|x64.Build.0 = Release|Any CPU
		{D128DA83-CF16-40C9-AE45-0DFF0003CAA3}.Debug|Any CPU.ActiveCfg = Debug|Any CPU
		{D128DA83-CF16-40C9-AE45-0DFF0003CAA3}.Debug|Any CPU.Build.0 = Debug|Any CPU
		{D128DA83-CF16-40C9-AE45-0DFF0003CAA3}.Debug|x64.ActiveCfg = Debug|Any CPU
		{D128DA83-CF16-40C9-AE45-0DFF0003CAA3}.Debug|x64.Build.0 = Debug|Any CPU
		{D128DA83-CF16-40C9-AE45-0DFF0003CAA3}.Release|Any CPU.ActiveCfg = Release|Any CPU
		{D128DA83-CF16-40C9-AE45-0DFF0003CAA3}.Release|Any CPU.Build.0 = Release|Any CPU
		{D128DA83-CF16-40C9-AE45-0DFF0003CAA3}.Release|x64.ActiveCfg = Release|Any CPU
		{D128DA83-CF16-40C9-AE45-0DFF0003CAA3}.Release|x64.Build.0 = Release|Any CPU
		{5B154973-B42A-4537-B632-611B802C4C60}.Debug|Any CPU.ActiveCfg = Debug|Any CPU
		{5B154973-B42A-4537-B632-611B802C4C60}.Debug|Any CPU.Build.0 = Debug|Any CPU
		{5B154973-B42A-4537-B632-611B802C4C60}.Debug|x64.ActiveCfg = Debug|Any CPU
		{5B154973-B42A-4537-B632-611B802C4C60}.Debug|x64.Build.0 = Debug|Any CPU
		{5B154973-B42A-4537-B632-611B802C4C60}.Release|Any CPU.ActiveCfg = Release|Any CPU
		{5B154973-B42A-4537-B632-611B802C4C60}.Release|Any CPU.Build.0 = Release|Any CPU
		{5B154973-B42A-4537-B632-611B802C4C60}.Release|x64.ActiveCfg = Release|Any CPU
		{5B154973-B42A-4537-B632-611B802C4C60}.Release|x64.Build.0 = Release|Any CPU
		{A5372B5A-3C48-433E-AF93-D0812D1428A0}.Debug|Any CPU.ActiveCfg = Debug|Any CPU
		{A5372B5A-3C48-433E-AF93-D0812D1428A0}.Debug|Any CPU.Build.0 = Debug|Any CPU
		{A5372B5A-3C48-433E-AF93-D0812D1428A0}.Debug|x64.ActiveCfg = Debug|Any CPU
		{A5372B5A-3C48-433E-AF93-D0812D1428A0}.Debug|x64.Build.0 = Debug|Any CPU
		{A5372B5A-3C48-433E-AF93-D0812D1428A0}.Release|Any CPU.ActiveCfg = Release|Any CPU
		{A5372B5A-3C48-433E-AF93-D0812D1428A0}.Release|Any CPU.Build.0 = Release|Any CPU
		{A5372B5A-3C48-433E-AF93-D0812D1428A0}.Release|x64.ActiveCfg = Release|Any CPU
		{A5372B5A-3C48-433E-AF93-D0812D1428A0}.Release|x64.Build.0 = Release|Any CPU
		{1A612204-5F59-4940-B0F1-5F1098FDEF2A}.Debug|Any CPU.ActiveCfg = Debug|Any CPU
		{1A612204-5F59-4940-B0F1-5F1098FDEF2A}.Debug|Any CPU.Build.0 = Debug|Any CPU
		{1A612204-5F59-4940-B0F1-5F1098FDEF2A}.Debug|x64.ActiveCfg = Debug|Any CPU
		{1A612204-5F59-4940-B0F1-5F1098FDEF2A}.Debug|x64.Build.0 = Debug|Any CPU
		{1A612204-5F59-4940-B0F1-5F1098FDEF2A}.Release|Any CPU.ActiveCfg = Release|Any CPU
		{1A612204-5F59-4940-B0F1-5F1098FDEF2A}.Release|Any CPU.Build.0 = Release|Any CPU
		{1A612204-5F59-4940-B0F1-5F1098FDEF2A}.Release|x64.ActiveCfg = Release|Any CPU
		{1A612204-5F59-4940-B0F1-5F1098FDEF2A}.Release|x64.Build.0 = Release|Any CPU
		{ABD3F97C-A7A9-42E8-B34A-E30EFB9C6592}.Debug|Any CPU.ActiveCfg = Debug|Any CPU
		{ABD3F97C-A7A9-42E8-B34A-E30EFB9C6592}.Debug|Any CPU.Build.0 = Debug|Any CPU
		{ABD3F97C-A7A9-42E8-B34A-E30EFB9C6592}.Debug|x64.ActiveCfg = Debug|Any CPU
		{ABD3F97C-A7A9-42E8-B34A-E30EFB9C6592}.Debug|x64.Build.0 = Debug|Any CPU
		{ABD3F97C-A7A9-42E8-B34A-E30EFB9C6592}.Release|Any CPU.ActiveCfg = Release|Any CPU
		{ABD3F97C-A7A9-42E8-B34A-E30EFB9C6592}.Release|Any CPU.Build.0 = Release|Any CPU
		{ABD3F97C-A7A9-42E8-B34A-E30EFB9C6592}.Release|x64.ActiveCfg = Release|Any CPU
		{ABD3F97C-A7A9-42E8-B34A-E30EFB9C6592}.Release|x64.Build.0 = Release|Any CPU
		{D7A05D35-410C-471B-86A2-242949749FE7}.Debug|Any CPU.ActiveCfg = Debug|Any CPU
		{D7A05D35-410C-471B-86A2-242949749FE7}.Debug|Any CPU.Build.0 = Debug|Any CPU
		{D7A05D35-410C-471B-86A2-242949749FE7}.Debug|x64.ActiveCfg = Debug|Any CPU
		{D7A05D35-410C-471B-86A2-242949749FE7}.Debug|x64.Build.0 = Debug|Any CPU
		{D7A05D35-410C-471B-86A2-242949749FE7}.Release|Any CPU.ActiveCfg = Release|Any CPU
		{D7A05D35-410C-471B-86A2-242949749FE7}.Release|Any CPU.Build.0 = Release|Any CPU
		{D7A05D35-410C-471B-86A2-242949749FE7}.Release|x64.ActiveCfg = Release|Any CPU
		{D7A05D35-410C-471B-86A2-242949749FE7}.Release|x64.Build.0 = Release|Any CPU
		{9A597B8E-C483-49FF-805C-FB2DFD3BDBAB}.Debug|Any CPU.ActiveCfg = Debug|Any CPU
		{9A597B8E-C483-49FF-805C-FB2DFD3BDBAB}.Debug|Any CPU.Build.0 = Debug|Any CPU
		{9A597B8E-C483-49FF-805C-FB2DFD3BDBAB}.Debug|x64.ActiveCfg = Debug|Any CPU
		{9A597B8E-C483-49FF-805C-FB2DFD3BDBAB}.Debug|x64.Build.0 = Debug|Any CPU
		{9A597B8E-C483-49FF-805C-FB2DFD3BDBAB}.Release|Any CPU.ActiveCfg = Release|Any CPU
		{9A597B8E-C483-49FF-805C-FB2DFD3BDBAB}.Release|Any CPU.Build.0 = Release|Any CPU
		{9A597B8E-C483-49FF-805C-FB2DFD3BDBAB}.Release|x64.ActiveCfg = Release|Any CPU
		{9A597B8E-C483-49FF-805C-FB2DFD3BDBAB}.Release|x64.Build.0 = Release|Any CPU
		{08614492-D9B5-46CD-A18C-8397DAAE105E}.Debug|Any CPU.ActiveCfg = Debug|Any CPU
		{08614492-D9B5-46CD-A18C-8397DAAE105E}.Debug|Any CPU.Build.0 = Debug|Any CPU
		{08614492-D9B5-46CD-A18C-8397DAAE105E}.Debug|x64.ActiveCfg = Debug|Any CPU
		{08614492-D9B5-46CD-A18C-8397DAAE105E}.Debug|x64.Build.0 = Debug|Any CPU
		{08614492-D9B5-46CD-A18C-8397DAAE105E}.Release|Any CPU.ActiveCfg = Release|Any CPU
		{08614492-D9B5-46CD-A18C-8397DAAE105E}.Release|Any CPU.Build.0 = Release|Any CPU
		{08614492-D9B5-46CD-A18C-8397DAAE105E}.Release|x64.ActiveCfg = Release|Any CPU
		{08614492-D9B5-46CD-A18C-8397DAAE105E}.Release|x64.Build.0 = Release|Any CPU
		{1AD931D1-8CFD-491F-A11C-036E76B12354}.Debug|Any CPU.ActiveCfg = Debug|Any CPU
		{1AD931D1-8CFD-491F-A11C-036E76B12354}.Debug|Any CPU.Build.0 = Debug|Any CPU
		{1AD931D1-8CFD-491F-A11C-036E76B12354}.Debug|x64.ActiveCfg = Debug|Any CPU
		{1AD931D1-8CFD-491F-A11C-036E76B12354}.Debug|x64.Build.0 = Debug|Any CPU
		{1AD931D1-8CFD-491F-A11C-036E76B12354}.Release|Any CPU.ActiveCfg = Release|Any CPU
		{1AD931D1-8CFD-491F-A11C-036E76B12354}.Release|Any CPU.Build.0 = Release|Any CPU
		{1AD931D1-8CFD-491F-A11C-036E76B12354}.Release|x64.ActiveCfg = Release|Any CPU
		{1AD931D1-8CFD-491F-A11C-036E76B12354}.Release|x64.Build.0 = Release|Any CPU
		{8C37CA99-D8C8-4B79-A105-1641495A5D32}.Debug|Any CPU.ActiveCfg = Debug|Any CPU
		{8C37CA99-D8C8-4B79-A105-1641495A5D32}.Debug|Any CPU.Build.0 = Debug|Any CPU
		{8C37CA99-D8C8-4B79-A105-1641495A5D32}.Debug|x64.ActiveCfg = Debug|Any CPU
		{8C37CA99-D8C8-4B79-A105-1641495A5D32}.Debug|x64.Build.0 = Debug|Any CPU
		{8C37CA99-D8C8-4B79-A105-1641495A5D32}.Release|Any CPU.ActiveCfg = Release|Any CPU
		{8C37CA99-D8C8-4B79-A105-1641495A5D32}.Release|Any CPU.Build.0 = Release|Any CPU
		{8C37CA99-D8C8-4B79-A105-1641495A5D32}.Release|x64.ActiveCfg = Release|Any CPU
		{8C37CA99-D8C8-4B79-A105-1641495A5D32}.Release|x64.Build.0 = Release|Any CPU
		{70B486FC-97DC-4E4F-B624-35597256AA1B}.Debug|Any CPU.ActiveCfg = Debug|Any CPU
		{70B486FC-97DC-4E4F-B624-35597256AA1B}.Debug|Any CPU.Build.0 = Debug|Any CPU
		{70B486FC-97DC-4E4F-B624-35597256AA1B}.Debug|x64.ActiveCfg = Debug|Any CPU
		{70B486FC-97DC-4E4F-B624-35597256AA1B}.Debug|x64.Build.0 = Debug|Any CPU
		{70B486FC-97DC-4E4F-B624-35597256AA1B}.Release|Any CPU.ActiveCfg = Release|Any CPU
		{70B486FC-97DC-4E4F-B624-35597256AA1B}.Release|Any CPU.Build.0 = Release|Any CPU
		{70B486FC-97DC-4E4F-B624-35597256AA1B}.Release|x64.ActiveCfg = Release|Any CPU
		{70B486FC-97DC-4E4F-B624-35597256AA1B}.Release|x64.Build.0 = Release|Any CPU
		{E51585C7-9FA3-49E5-B137-050F7EF50067}.Debug|Any CPU.ActiveCfg = Debug|Any CPU
		{E51585C7-9FA3-49E5-B137-050F7EF50067}.Debug|Any CPU.Build.0 = Debug|Any CPU
		{E51585C7-9FA3-49E5-B137-050F7EF50067}.Debug|x64.ActiveCfg = Debug|Any CPU
		{E51585C7-9FA3-49E5-B137-050F7EF50067}.Debug|x64.Build.0 = Debug|Any CPU
		{E51585C7-9FA3-49E5-B137-050F7EF50067}.Release|Any CPU.ActiveCfg = Release|Any CPU
		{E51585C7-9FA3-49E5-B137-050F7EF50067}.Release|Any CPU.Build.0 = Release|Any CPU
		{E51585C7-9FA3-49E5-B137-050F7EF50067}.Release|x64.ActiveCfg = Release|Any CPU
		{E51585C7-9FA3-49E5-B137-050F7EF50067}.Release|x64.Build.0 = Release|Any CPU
		{C3BF3F14-CBC1-4365-A321-F79C619E4FCC}.Debug|Any CPU.ActiveCfg = Debug|Any CPU
		{C3BF3F14-CBC1-4365-A321-F79C619E4FCC}.Debug|Any CPU.Build.0 = Debug|Any CPU
		{C3BF3F14-CBC1-4365-A321-F79C619E4FCC}.Debug|x64.ActiveCfg = Debug|Any CPU
		{C3BF3F14-CBC1-4365-A321-F79C619E4FCC}.Debug|x64.Build.0 = Debug|Any CPU
		{C3BF3F14-CBC1-4365-A321-F79C619E4FCC}.Release|Any CPU.ActiveCfg = Release|Any CPU
		{C3BF3F14-CBC1-4365-A321-F79C619E4FCC}.Release|Any CPU.Build.0 = Release|Any CPU
		{C3BF3F14-CBC1-4365-A321-F79C619E4FCC}.Release|x64.ActiveCfg = Release|Any CPU
		{C3BF3F14-CBC1-4365-A321-F79C619E4FCC}.Release|x64.Build.0 = Release|Any CPU
		{B0BDC38B-EBCE-4927-A733-D2E5315A56FB}.Debug|Any CPU.ActiveCfg = Debug|Any CPU
		{B0BDC38B-EBCE-4927-A733-D2E5315A56FB}.Debug|Any CPU.Build.0 = Debug|Any CPU
		{B0BDC38B-EBCE-4927-A733-D2E5315A56FB}.Debug|x64.ActiveCfg = Debug|Any CPU
		{B0BDC38B-EBCE-4927-A733-D2E5315A56FB}.Debug|x64.Build.0 = Debug|Any CPU
		{B0BDC38B-EBCE-4927-A733-D2E5315A56FB}.Release|Any CPU.ActiveCfg = Release|Any CPU
		{B0BDC38B-EBCE-4927-A733-D2E5315A56FB}.Release|Any CPU.Build.0 = Release|Any CPU
		{B0BDC38B-EBCE-4927-A733-D2E5315A56FB}.Release|x64.ActiveCfg = Release|Any CPU
		{B0BDC38B-EBCE-4927-A733-D2E5315A56FB}.Release|x64.Build.0 = Release|Any CPU
		{C55DD344-CBAD-45CC-A26B-7560AC49E097}.Debug|Any CPU.ActiveCfg = Debug|Any CPU
		{C55DD344-CBAD-45CC-A26B-7560AC49E097}.Debug|Any CPU.Build.0 = Debug|Any CPU
		{C55DD344-CBAD-45CC-A26B-7560AC49E097}.Debug|x64.ActiveCfg = Debug|Any CPU
		{C55DD344-CBAD-45CC-A26B-7560AC49E097}.Debug|x64.Build.0 = Debug|Any CPU
		{C55DD344-CBAD-45CC-A26B-7560AC49E097}.Release|Any CPU.ActiveCfg = Release|Any CPU
		{C55DD344-CBAD-45CC-A26B-7560AC49E097}.Release|Any CPU.Build.0 = Release|Any CPU
		{C55DD344-CBAD-45CC-A26B-7560AC49E097}.Release|x64.ActiveCfg = Release|Any CPU
		{C55DD344-CBAD-45CC-A26B-7560AC49E097}.Release|x64.Build.0 = Release|Any CPU
		{C85B6692-FF87-42A1-9513-E499235ED54A}.Debug|Any CPU.ActiveCfg = Debug|Any CPU
		{C85B6692-FF87-42A1-9513-E499235ED54A}.Debug|Any CPU.Build.0 = Debug|Any CPU
		{C85B6692-FF87-42A1-9513-E499235ED54A}.Debug|x64.ActiveCfg = Debug|Any CPU
		{C85B6692-FF87-42A1-9513-E499235ED54A}.Debug|x64.Build.0 = Debug|Any CPU
		{C85B6692-FF87-42A1-9513-E499235ED54A}.Release|Any CPU.ActiveCfg = Release|Any CPU
		{C85B6692-FF87-42A1-9513-E499235ED54A}.Release|Any CPU.Build.0 = Release|Any CPU
		{C85B6692-FF87-42A1-9513-E499235ED54A}.Release|x64.ActiveCfg = Release|Any CPU
		{C85B6692-FF87-42A1-9513-E499235ED54A}.Release|x64.Build.0 = Release|Any CPU
		{85DF5C51-ADC8-4FF3-8C7C-F73C91738D09}.Debug|Any CPU.ActiveCfg = Debug|Any CPU
		{85DF5C51-ADC8-4FF3-8C7C-F73C91738D09}.Debug|Any CPU.Build.0 = Debug|Any CPU
		{85DF5C51-ADC8-4FF3-8C7C-F73C91738D09}.Debug|x64.ActiveCfg = Debug|Any CPU
		{85DF5C51-ADC8-4FF3-8C7C-F73C91738D09}.Debug|x64.Build.0 = Debug|Any CPU
		{85DF5C51-ADC8-4FF3-8C7C-F73C91738D09}.Release|Any CPU.ActiveCfg = Release|Any CPU
		{85DF5C51-ADC8-4FF3-8C7C-F73C91738D09}.Release|Any CPU.Build.0 = Release|Any CPU
		{85DF5C51-ADC8-4FF3-8C7C-F73C91738D09}.Release|x64.ActiveCfg = Release|Any CPU
		{85DF5C51-ADC8-4FF3-8C7C-F73C91738D09}.Release|x64.Build.0 = Release|Any CPU
		{0E0FA7F9-116D-48F3-93DE-A7C5DE582DB5}.Debug|Any CPU.ActiveCfg = Debug|Any CPU
		{0E0FA7F9-116D-48F3-93DE-A7C5DE582DB5}.Debug|Any CPU.Build.0 = Debug|Any CPU
		{0E0FA7F9-116D-48F3-93DE-A7C5DE582DB5}.Debug|x64.ActiveCfg = Debug|Any CPU
		{0E0FA7F9-116D-48F3-93DE-A7C5DE582DB5}.Debug|x64.Build.0 = Debug|Any CPU
		{0E0FA7F9-116D-48F3-93DE-A7C5DE582DB5}.Release|Any CPU.ActiveCfg = Release|Any CPU
		{0E0FA7F9-116D-48F3-93DE-A7C5DE582DB5}.Release|Any CPU.Build.0 = Release|Any CPU
		{0E0FA7F9-116D-48F3-93DE-A7C5DE582DB5}.Release|x64.ActiveCfg = Release|Any CPU
		{0E0FA7F9-116D-48F3-93DE-A7C5DE582DB5}.Release|x64.Build.0 = Release|Any CPU
		{0EACA3ED-36B3-4ED2-9235-93D24422A396}.Debug|Any CPU.ActiveCfg = Debug|Any CPU
		{0EACA3ED-36B3-4ED2-9235-93D24422A396}.Debug|Any CPU.Build.0 = Debug|Any CPU
		{0EACA3ED-36B3-4ED2-9235-93D24422A396}.Debug|x64.ActiveCfg = Debug|Any CPU
		{0EACA3ED-36B3-4ED2-9235-93D24422A396}.Debug|x64.Build.0 = Debug|Any CPU
		{0EACA3ED-36B3-4ED2-9235-93D24422A396}.Release|Any CPU.ActiveCfg = Release|Any CPU
		{0EACA3ED-36B3-4ED2-9235-93D24422A396}.Release|Any CPU.Build.0 = Release|Any CPU
		{0EACA3ED-36B3-4ED2-9235-93D24422A396}.Release|x64.ActiveCfg = Release|Any CPU
		{0EACA3ED-36B3-4ED2-9235-93D24422A396}.Release|x64.Build.0 = Release|Any CPU
		{F3C046F9-85FF-4934-90E7-E043E4DF33F8}.Debug|Any CPU.ActiveCfg = Debug|Any CPU
		{F3C046F9-85FF-4934-90E7-E043E4DF33F8}.Debug|Any CPU.Build.0 = Debug|Any CPU
		{F3C046F9-85FF-4934-90E7-E043E4DF33F8}.Debug|x64.ActiveCfg = Debug|Any CPU
		{F3C046F9-85FF-4934-90E7-E043E4DF33F8}.Debug|x64.Build.0 = Debug|Any CPU
		{F3C046F9-85FF-4934-90E7-E043E4DF33F8}.Release|Any CPU.ActiveCfg = Release|Any CPU
		{F3C046F9-85FF-4934-90E7-E043E4DF33F8}.Release|Any CPU.Build.0 = Release|Any CPU
		{F3C046F9-85FF-4934-90E7-E043E4DF33F8}.Release|x64.ActiveCfg = Release|Any CPU
		{F3C046F9-85FF-4934-90E7-E043E4DF33F8}.Release|x64.Build.0 = Release|Any CPU
		{B2A1BC7F-8C12-4A7C-8681-ECE83A66965C}.Debug|Any CPU.ActiveCfg = Debug|Any CPU
		{B2A1BC7F-8C12-4A7C-8681-ECE83A66965C}.Debug|Any CPU.Build.0 = Debug|Any CPU
		{B2A1BC7F-8C12-4A7C-8681-ECE83A66965C}.Debug|x64.ActiveCfg = Debug|Any CPU
		{B2A1BC7F-8C12-4A7C-8681-ECE83A66965C}.Debug|x64.Build.0 = Debug|Any CPU
		{B2A1BC7F-8C12-4A7C-8681-ECE83A66965C}.Release|Any CPU.ActiveCfg = Release|Any CPU
		{B2A1BC7F-8C12-4A7C-8681-ECE83A66965C}.Release|Any CPU.Build.0 = Release|Any CPU
		{B2A1BC7F-8C12-4A7C-8681-ECE83A66965C}.Release|x64.ActiveCfg = Release|Any CPU
		{B2A1BC7F-8C12-4A7C-8681-ECE83A66965C}.Release|x64.Build.0 = Release|Any CPU
		{98D4EE34-0543-4078-A2FB-326A275B2E06}.Debug|Any CPU.ActiveCfg = Debug|Any CPU
		{98D4EE34-0543-4078-A2FB-326A275B2E06}.Debug|Any CPU.Build.0 = Debug|Any CPU
		{98D4EE34-0543-4078-A2FB-326A275B2E06}.Debug|x64.ActiveCfg = Debug|Any CPU
		{98D4EE34-0543-4078-A2FB-326A275B2E06}.Debug|x64.Build.0 = Debug|Any CPU
		{98D4EE34-0543-4078-A2FB-326A275B2E06}.Release|Any CPU.ActiveCfg = Release|Any CPU
		{98D4EE34-0543-4078-A2FB-326A275B2E06}.Release|Any CPU.Build.0 = Release|Any CPU
		{98D4EE34-0543-4078-A2FB-326A275B2E06}.Release|x64.ActiveCfg = Release|Any CPU
		{98D4EE34-0543-4078-A2FB-326A275B2E06}.Release|x64.Build.0 = Release|Any CPU
		{C14D5DA6-321B-4649-B8F1-EE11007B0B28}.Debug|Any CPU.ActiveCfg = Debug|Any CPU
		{C14D5DA6-321B-4649-B8F1-EE11007B0B28}.Debug|Any CPU.Build.0 = Debug|Any CPU
		{C14D5DA6-321B-4649-B8F1-EE11007B0B28}.Debug|x64.ActiveCfg = Debug|Any CPU
		{C14D5DA6-321B-4649-B8F1-EE11007B0B28}.Debug|x64.Build.0 = Debug|Any CPU
		{C14D5DA6-321B-4649-B8F1-EE11007B0B28}.Release|Any CPU.ActiveCfg = Release|Any CPU
		{C14D5DA6-321B-4649-B8F1-EE11007B0B28}.Release|Any CPU.Build.0 = Release|Any CPU
		{C14D5DA6-321B-4649-B8F1-EE11007B0B28}.Release|x64.ActiveCfg = Release|Any CPU
		{C14D5DA6-321B-4649-B8F1-EE11007B0B28}.Release|x64.Build.0 = Release|Any CPU
		{62BF59EF-F28A-4989-8423-A89819A34431}.Debug|Any CPU.ActiveCfg = Debug|Any CPU
		{62BF59EF-F28A-4989-8423-A89819A34431}.Debug|Any CPU.Build.0 = Debug|Any CPU
		{62BF59EF-F28A-4989-8423-A89819A34431}.Debug|x64.ActiveCfg = Debug|Any CPU
		{62BF59EF-F28A-4989-8423-A89819A34431}.Debug|x64.Build.0 = Debug|Any CPU
		{62BF59EF-F28A-4989-8423-A89819A34431}.Release|Any CPU.ActiveCfg = Release|Any CPU
		{62BF59EF-F28A-4989-8423-A89819A34431}.Release|Any CPU.Build.0 = Release|Any CPU
		{62BF59EF-F28A-4989-8423-A89819A34431}.Release|x64.ActiveCfg = Release|Any CPU
		{62BF59EF-F28A-4989-8423-A89819A34431}.Release|x64.Build.0 = Release|Any CPU
		{28CBA3C8-5025-472E-99AD-FFA051936C94}.Debug|Any CPU.ActiveCfg = Debug|Any CPU
		{28CBA3C8-5025-472E-99AD-FFA051936C94}.Debug|Any CPU.Build.0 = Debug|Any CPU
		{28CBA3C8-5025-472E-99AD-FFA051936C94}.Debug|x64.ActiveCfg = Debug|Any CPU
		{28CBA3C8-5025-472E-99AD-FFA051936C94}.Debug|x64.Build.0 = Debug|Any CPU
		{28CBA3C8-5025-472E-99AD-FFA051936C94}.Release|Any CPU.ActiveCfg = Release|Any CPU
		{28CBA3C8-5025-472E-99AD-FFA051936C94}.Release|Any CPU.Build.0 = Release|Any CPU
		{28CBA3C8-5025-472E-99AD-FFA051936C94}.Release|x64.ActiveCfg = Release|Any CPU
		{28CBA3C8-5025-472E-99AD-FFA051936C94}.Release|x64.Build.0 = Release|Any CPU
		{65A612B2-CF1F-4EFC-BC4E-32AF75FAFC37}.Debug|Any CPU.ActiveCfg = Debug|Any CPU
		{65A612B2-CF1F-4EFC-BC4E-32AF75FAFC37}.Debug|Any CPU.Build.0 = Debug|Any CPU
		{65A612B2-CF1F-4EFC-BC4E-32AF75FAFC37}.Debug|x64.ActiveCfg = Debug|Any CPU
		{65A612B2-CF1F-4EFC-BC4E-32AF75FAFC37}.Debug|x64.Build.0 = Debug|Any CPU
		{65A612B2-CF1F-4EFC-BC4E-32AF75FAFC37}.Release|Any CPU.ActiveCfg = Release|Any CPU
		{65A612B2-CF1F-4EFC-BC4E-32AF75FAFC37}.Release|Any CPU.Build.0 = Release|Any CPU
		{65A612B2-CF1F-4EFC-BC4E-32AF75FAFC37}.Release|x64.ActiveCfg = Release|Any CPU
		{65A612B2-CF1F-4EFC-BC4E-32AF75FAFC37}.Release|x64.Build.0 = Release|Any CPU
		{660C5BA1-B2F6-45CA-8EF0-CC760F0A4C0B}.Debug|Any CPU.ActiveCfg = Debug|Any CPU
		{660C5BA1-B2F6-45CA-8EF0-CC760F0A4C0B}.Debug|Any CPU.Build.0 = Debug|Any CPU
		{660C5BA1-B2F6-45CA-8EF0-CC760F0A4C0B}.Debug|x64.ActiveCfg = Debug|Any CPU
		{660C5BA1-B2F6-45CA-8EF0-CC760F0A4C0B}.Debug|x64.Build.0 = Debug|Any CPU
		{660C5BA1-B2F6-45CA-8EF0-CC760F0A4C0B}.Release|Any CPU.ActiveCfg = Release|Any CPU
		{660C5BA1-B2F6-45CA-8EF0-CC760F0A4C0B}.Release|Any CPU.Build.0 = Release|Any CPU
		{660C5BA1-B2F6-45CA-8EF0-CC760F0A4C0B}.Release|x64.ActiveCfg = Release|Any CPU
		{660C5BA1-B2F6-45CA-8EF0-CC760F0A4C0B}.Release|x64.Build.0 = Release|Any CPU
	EndGlobalSection
	GlobalSection(SolutionProperties) = preSolution
		HideSolutionNode = FALSE
	EndGlobalSection
	GlobalSection(NestedProjects) = preSolution
		{5C7ADEF0-19BF-420C-9D70-DA4FBFEAF1F0} = {3B899133-BEAC-4438-977F-B28FDFF3AE27}
		{AB99C7D3-6AF0-44B3-AA18-5AD466697444} = {3B899133-BEAC-4438-977F-B28FDFF3AE27}
		{2B3BFC47-17E6-43A6-A7AD-24C8F855331F} = {3B899133-BEAC-4438-977F-B28FDFF3AE27}
		{77E839E4-EFE6-4CF3-90CD-D0083F318F2B} = {3B899133-BEAC-4438-977F-B28FDFF3AE27}
		{D6C8BE30-7DD0-463D-8A15-54BA2AD57078} = {3B899133-BEAC-4438-977F-B28FDFF3AE27}
		{FAD7336D-2CDA-4FE0-BE35-26B73A568599} = {3B899133-BEAC-4438-977F-B28FDFF3AE27}
		{851068F8-CC0B-4243-B4FF-0CBD86CAB6DE} = {3B899133-BEAC-4438-977F-B28FDFF3AE27}
		{D128DA83-CF16-40C9-AE45-0DFF0003CAA3} = {3B899133-BEAC-4438-977F-B28FDFF3AE27}
		{5B154973-B42A-4537-B632-611B802C4C60} = {3B899133-BEAC-4438-977F-B28FDFF3AE27}
		{A5372B5A-3C48-433E-AF93-D0812D1428A0} = {3B899133-BEAC-4438-977F-B28FDFF3AE27}
		{EB4CD5BA-9A74-4261-8CF3-28B8C7AE8D89} = {0CDC8FFF-393C-4C44-A2D8-996C24C51024}
		{1A612204-5F59-4940-B0F1-5F1098FDEF2A} = {EB4CD5BA-9A74-4261-8CF3-28B8C7AE8D89}
		{ABD3F97C-A7A9-42E8-B34A-E30EFB9C6592} = {EB4CD5BA-9A74-4261-8CF3-28B8C7AE8D89}
		{D7A05D35-410C-471B-86A2-242949749FE7} = {EB4CD5BA-9A74-4261-8CF3-28B8C7AE8D89}
		{9A597B8E-C483-49FF-805C-FB2DFD3BDBAB} = {EB4CD5BA-9A74-4261-8CF3-28B8C7AE8D89}
		{4362083A-615A-4EA5-9C7F-4A3F9C3AD7EB} = {0CDC8FFF-393C-4C44-A2D8-996C24C51024}
		{08614492-D9B5-46CD-A18C-8397DAAE105E} = {4362083A-615A-4EA5-9C7F-4A3F9C3AD7EB}
		{1AD931D1-8CFD-491F-A11C-036E76B12354} = {4362083A-615A-4EA5-9C7F-4A3F9C3AD7EB}
		{8C37CA99-D8C8-4B79-A105-1641495A5D32} = {4362083A-615A-4EA5-9C7F-4A3F9C3AD7EB}
		{70B486FC-97DC-4E4F-B624-35597256AA1B} = {4362083A-615A-4EA5-9C7F-4A3F9C3AD7EB}
		{59BC5307-F242-4DA0-8113-2200008A8A06} = {0CDC8FFF-393C-4C44-A2D8-996C24C51024}
		{E51585C7-9FA3-49E5-B137-050F7EF50067} = {59BC5307-F242-4DA0-8113-2200008A8A06}
		{C3BF3F14-CBC1-4365-A321-F79C619E4FCC} = {59BC5307-F242-4DA0-8113-2200008A8A06}
		{B0BDC38B-EBCE-4927-A733-D2E5315A56FB} = {59BC5307-F242-4DA0-8113-2200008A8A06}
		{C55DD344-CBAD-45CC-A26B-7560AC49E097} = {59BC5307-F242-4DA0-8113-2200008A8A06}
		{C85B6692-FF87-42A1-9513-E499235ED54A} = {3B899133-BEAC-4438-977F-B28FDFF3AE27}
		{85DF5C51-ADC8-4FF3-8C7C-F73C91738D09} = {23D3D93F-CE63-41DD-BE55-95EAFBB3280C}
		{0E0FA7F9-116D-48F3-93DE-A7C5DE582DB5} = {23D3D93F-CE63-41DD-BE55-95EAFBB3280C}
		{6659C0D2-F08D-40B3-99ED-AA85505A5DA7} = {0CDC8FFF-393C-4C44-A2D8-996C24C51024}
		{F66B1CBA-1C4E-424B-B558-2BB9FD8797D2} = {0CDC8FFF-393C-4C44-A2D8-996C24C51024}
		{0EACA3ED-36B3-4ED2-9235-93D24422A396} = {F66B1CBA-1C4E-424B-B558-2BB9FD8797D2}
		{F3C046F9-85FF-4934-90E7-E043E4DF33F8} = {F66B1CBA-1C4E-424B-B558-2BB9FD8797D2}
		{B2A1BC7F-8C12-4A7C-8681-ECE83A66965C} = {F66B1CBA-1C4E-424B-B558-2BB9FD8797D2}
		{98D4EE34-0543-4078-A2FB-326A275B2E06} = {F66B1CBA-1C4E-424B-B558-2BB9FD8797D2}
		{C14D5DA6-321B-4649-B8F1-EE11007B0B28} = {6659C0D2-F08D-40B3-99ED-AA85505A5DA7}
		{62BF59EF-F28A-4989-8423-A89819A34431} = {6659C0D2-F08D-40B3-99ED-AA85505A5DA7}
		{28CBA3C8-5025-472E-99AD-FFA051936C94} = {3B899133-BEAC-4438-977F-B28FDFF3AE27}
		{65A612B2-CF1F-4EFC-BC4E-32AF75FAFC37} = {6659C0D2-F08D-40B3-99ED-AA85505A5DA7}
		{660C5BA1-B2F6-45CA-8EF0-CC760F0A4C0B} = {6659C0D2-F08D-40B3-99ED-AA85505A5DA7}
	EndGlobalSection
	GlobalSection(ExtensibilityGlobals) = postSolution
		SolutionGuid = {3DED72E8-74C9-4A51-A9CE-62ECFEEA1921}
	EndGlobalSection
EndGlobal
