
Microsoft Visual Studio Solution File, Format Version 12.00
# Visual Studio Version 17
VisualStudioVersion = 17.2.32526.322
MinimumVisualStudioVersion = 10.0.40219.1
Project("{9A19103F-16F7-4668-BE54-9A1E7A4F7556}") = "Adnc.Gateway.Ocelot", "Adnc.Gateway.Ocelot.csproj", "{3390030C-80FB-4360-93DF-7646FDE60172}"
EndProject
Global
	GlobalSection(SolutionConfigurationPlatforms) = preSolution
		Debug|Any CPU = Debug|Any CPU
		Release|Any CPU = Release|Any CPU
	EndGlobalSection
	GlobalSection(ProjectConfigurationPlatforms) = postSolution
		{3390030C-80FB-4360-93DF-7646FDE60172}.Debug|Any CPU.ActiveCfg = Debug|Any CPU
		{3390030C-80FB-4360-93DF-7646FDE60172}.Debug|Any CPU.Build.0 = Debug|Any CPU
		{3390030C-80FB-4360-93DF-7646FDE60172}.Release|Any CPU.ActiveCfg = Release|Any CPU
		{3390030C-80FB-4360-93DF-7646FDE60172}.Release|Any CPU.Build.0 = Release|Any CPU
	EndGlobalSection
	GlobalSection(SolutionProperties) = preSolution
		HideSolutionNode = FALSE
	EndGlobalSection
	GlobalSection(ExtensibilityGlobals) = postSolution
		SolutionGuid = {8747D210-D783-4C72-8513-7E46C1859738}
	EndGlobalSection
EndGlobal
